<?xml version="1.0" encoding="utf-8"?>
<Project ToolsVersion="12.0" xmlns="http://schemas.microsoft.com/developer/msbuild/2003">
  <ItemGroup>
    <ClCompile Include="D:\blenderDev\blender\source\blender\makesrna\intern\rna_access.c">
      <Filter>Source Files</Filter>
    </ClCompile>
    <ClCompile Include="rna_ID_gen.c">
      <Filter>Source Files</Filter>
    </ClCompile>
    <ClCompile Include="rna_action_gen.c">
      <Filter>Source Files</Filter>
    </ClCompile>
    <ClCompile Include="rna_actuator_gen.c">
      <Filter>Source Files</Filter>
    </ClCompile>
    <ClCompile Include="rna_animation_gen.c">
      <Filter>Source Files</Filter>
    </ClCompile>
    <ClCompile Include="rna_animviz_gen.c">
      <Filter>Source Files</Filter>
    </ClCompile>
    <ClCompile Include="rna_armature_gen.c">
      <Filter>Source Files</Filter>
    </ClCompile>
    <ClCompile Include="rna_boid_gen.c">
      <Filter>Source Files</Filter>
    </ClCompile>
    <ClCompile Include="rna_brush_gen.c">
      <Filter>Source Files</Filter>
    </ClCompile>
    <ClCompile Include="rna_camera_gen.c">
      <Filter>Source Files</Filter>
    </ClCompile>
    <ClCompile Include="rna_cloth_gen.c">
      <Filter>Source Files</Filter>
    </ClCompile>
    <ClCompile Include="rna_color_gen.c">
      <Filter>Source Files</Filter>
    </ClCompile>
    <ClCompile Include="rna_constraint_gen.c">
      <Filter>Source Files</Filter>
    </ClCompile>
    <ClCompile Include="rna_context_gen.c">
      <Filter>Source Files</Filter>
    </ClCompile>
    <ClCompile Include="rna_controller_gen.c">
      <Filter>Source Files</Filter>
    </ClCompile>
    <ClCompile Include="rna_curve_gen.c">
      <Filter>Source Files</Filter>
    </ClCompile>
    <ClCompile Include="rna_depsgraph_gen.c">
      <Filter>Source Files</Filter>
    </ClCompile>
    <ClCompile Include="rna_dynamicpaint_gen.c">
      <Filter>Source Files</Filter>
    </ClCompile>
    <ClCompile Include="rna_fcurve_gen.c">
      <Filter>Source Files</Filter>
    </ClCompile>
    <ClCompile Include="rna_fluidsim_gen.c">
      <Filter>Source Files</Filter>
    </ClCompile>
    <ClCompile Include="rna_gpencil_gen.c">
      <Filter>Source Files</Filter>
    </ClCompile>
    <ClCompile Include="rna_group_gen.c">
      <Filter>Source Files</Filter>
    </ClCompile>
    <ClCompile Include="rna_image_gen.c">
      <Filter>Source Files</Filter>
    </ClCompile>
    <ClCompile Include="rna_key_gen.c">
      <Filter>Source Files</Filter>
    </ClCompile>
    <ClCompile Include="rna_lamp_gen.c">
      <Filter>Source Files</Filter>
    </ClCompile>
    <ClCompile Include="rna_lattice_gen.c">
      <Filter>Source Files</Filter>
    </ClCompile>
    <ClCompile Include="rna_linestyle_gen.c">
      <Filter>Source Files</Filter>
    </ClCompile>
    <ClCompile Include="rna_main_gen.c">
      <Filter>Source Files</Filter>
    </ClCompile>
    <ClCompile Include="rna_mask_gen.c">
      <Filter>Source Files</Filter>
    </ClCompile>
    <ClCompile Include="rna_material_gen.c">
      <Filter>Source Files</Filter>
    </ClCompile>
    <ClCompile Include="rna_mesh_gen.c">
      <Filter>Source Files</Filter>
    </ClCompile>
    <ClCompile Include="rna_meta_gen.c">
      <Filter>Source Files</Filter>
    </ClCompile>
    <ClCompile Include="rna_modifier_gen.c">
      <Filter>Source Files</Filter>
    </ClCompile>
    <ClCompile Include="rna_movieclip_gen.c">
      <Filter>Source Files</Filter>
    </ClCompile>
    <ClCompile Include="rna_nla_gen.c">
      <Filter>Source Files</Filter>
    </ClCompile>
    <ClCompile Include="rna_nodetree_gen.c">
      <Filter>Source Files</Filter>
    </ClCompile>
    <ClCompile Include="rna_object_gen.c">
      <Filter>Source Files</Filter>
    </ClCompile>
    <ClCompile Include="rna_object_force_gen.c">
      <Filter>Source Files</Filter>
    </ClCompile>
    <ClCompile Include="rna_packedfile_gen.c">
      <Filter>Source Files</Filter>
    </ClCompile>
    <ClCompile Include="rna_palette_gen.c">
      <Filter>Source Files</Filter>
    </ClCompile>
    <ClCompile Include="rna_particle_gen.c">
      <Filter>Source Files</Filter>
    </ClCompile>
    <ClCompile Include="rna_pose_gen.c">
      <Filter>Source Files</Filter>
    </ClCompile>
    <ClCompile Include="rna_property_gen.c">
      <Filter>Source Files</Filter>
    </ClCompile>
    <ClCompile Include="rna_render_gen.c">
      <Filter>Source Files</Filter>
    </ClCompile>
    <ClCompile Include="rna_rigidbody_gen.c">
      <Filter>Source Files</Filter>
    </ClCompile>
    <ClCompile Include="rna_rna_gen.c">
      <Filter>Source Files</Filter>
    </ClCompile>
    <ClCompile Include="rna_scene_gen.c">
      <Filter>Source Files</Filter>
    </ClCompile>
    <ClCompile Include="rna_screen_gen.c">
      <Filter>Source Files</Filter>
    </ClCompile>
    <ClCompile Include="rna_sculpt_paint_gen.c">
      <Filter>Source Files</Filter>
    </ClCompile>
    <ClCompile Include="rna_sensor_gen.c">
      <Filter>Source Files</Filter>
    </ClCompile>
    <ClCompile Include="rna_sequencer_gen.c">
      <Filter>Source Files</Filter>
    </ClCompile>
    <ClCompile Include="rna_smoke_gen.c">
      <Filter>Source Files</Filter>
    </ClCompile>
    <ClCompile Include="rna_sound_gen.c">
      <Filter>Source Files</Filter>
    </ClCompile>
    <ClCompile Include="rna_space_gen.c">
      <Filter>Source Files</Filter>
    </ClCompile>
    <ClCompile Include="rna_speaker_gen.c">
      <Filter>Source Files</Filter>
    </ClCompile>
    <ClCompile Include="rna_test_gen.c">
      <Filter>Source Files</Filter>
    </ClCompile>
    <ClCompile Include="rna_text_gen.c">
      <Filter>Source Files</Filter>
    </ClCompile>
    <ClCompile Include="rna_texture_gen.c">
      <Filter>Source Files</Filter>
    </ClCompile>
    <ClCompile Include="rna_timeline_gen.c">
      <Filter>Source Files</Filter>
    </ClCompile>
    <ClCompile Include="rna_tracking_gen.c">
      <Filter>Source Files</Filter>
    </ClCompile>
    <ClCompile Include="rna_ui_gen.c">
      <Filter>Source Files</Filter>
    </ClCompile>
    <ClCompile Include="rna_userdef_gen.c">
      <Filter>Source Files</Filter>
    </ClCompile>
    <ClCompile Include="rna_vfont_gen.c">
      <Filter>Source Files</Filter>
    </ClCompile>
    <ClCompile Include="rna_wm_gen.c">
      <Filter>Source Files</Filter>
    </ClCompile>
    <ClCompile Include="rna_world_gen.c">
      <Filter>Source Files</Filter>
    </ClCompile>
  </ItemGroup>
  <ItemGroup>
    <ClInclude Include="rna_prototypes_gen.h">
      <Filter>Header Files</Filter>
    </ClInclude>
    <ClInclude Include="D:\blenderDev\blender\source\blender\makesrna\RNA_access.h">
      <Filter>Header Files</Filter>
    </ClInclude>
    <ClInclude Include="D:\blenderDev\blender\source\blender\makesrna\RNA_define.h">
      <Filter>Header Files</Filter>
    </ClInclude>
    <ClInclude Include="D:\blenderDev\blender\source\blender\makesrna\RNA_documentation.h">
      <Filter>Header Files</Filter>
    </ClInclude>
    <ClInclude Include="D:\blenderDev\blender\source\blender\makesrna\RNA_enum_types.h">
      <Filter>Header Files</Filter>
    </ClInclude>
    <ClInclude Include="D:\blenderDev\blender\source\blender\makesrna\RNA_types.h">
      <Filter>Header Files</Filter>
    </ClInclude>
    <ClInclude Include="D:\blenderDev\blender\source\blender\makesrna\intern\rna_internal.h">
      <Filter>Header Files</Filter>
    </ClInclude>
    <ClInclude Include="D:\blenderDev\blender\source\blender\makesrna\intern\rna_internal_types.h">
      <Filter>Header Files</Filter>
    </ClInclude>
    <ClInclude Include="D:\blenderDev\blender\source\blender\makesrna\intern\rna_mesh_utils.h">
      <Filter>Header Files</Filter>
    </ClInclude>
  </ItemGroup>
  <ItemGroup>
    <CustomBuild Include="D:\blenderDev\blender\source\blender\makesrna\intern\CMakeLists.txt">
      <Filter>Source Files</Filter>
    </CustomBuild>
    <CustomBuild Include="..\..\..\..\CMakeFiles\97f88ed8123e971ef921632090274397\rna_ID_gen.c.rule">
      <Filter>CMake Rules</Filter>
    </CustomBuild>
  </ItemGroup>
  <ItemGroup>
    <Filter Include="Source Files">
      <UniqueIdentifier>{47BA5CD3-DCDE-4B65-B9E6-DD67DE9A50DE}</UniqueIdentifier>
    </Filter>
    <Filter Include="Header Files">
      <UniqueIdentifier>{2DF88026-B793-4931-819F-9C4E565EB817}</UniqueIdentifier>
    </Filter>
    <Filter Include="CMake Rules">
      <UniqueIdentifier>{3A18D33A-727F-462F-97E0-6F4F89D3B75E}</UniqueIdentifier>
    </Filter>
  </ItemGroup>
</Project>
