<?xml version="1.0" encoding="utf-8"?>
<Project ToolsVersion="12.0" xmlns="http://schemas.microsoft.com/developer/msbuild/2003">
  <ItemGroup>
    <ClCompile Include="D:\blenderDev\blender\source\blender\blenkernel\intern\CCGSubSurf.c">
      <Filter>Source Files</Filter>
    </ClCompile>
    <ClCompile Include="D:\blenderDev\blender\source\blender\blenkernel\intern\CCGSubSurf_legacy.c">
      <Filter>Source Files</Filter>
    </ClCompile>
    <ClCompile Include="D:\blenderDev\blender\source\blender\blenkernel\intern\CCGSubSurf_opensubdiv.c">
      <Filter>Source Files</Filter>
    </ClCompile>
    <ClCompile Include="D:\blenderDev\blender\source\blender\blenkernel\intern\CCGSubSurf_opensubdiv_converter.c">
      <Filter>Source Files</Filter>
    </ClCompile>
    <ClCompile Include="D:\blenderDev\blender\source\blender\blenkernel\intern\CCGSubSurf_util.c">
      <Filter>Source Files</Filter>
    </ClCompile>
    <ClCompile Include="D:\blenderDev\blender\source\blender\blenkernel\intern\DerivedMesh.c">
      <Filter>Source Files</Filter>
    </ClCompile>
    <ClCompile Include="D:\blenderDev\blender\source\blender\blenkernel\intern\action.c">
      <Filter>Source Files</Filter>
    </ClCompile>
    <ClCompile Include="D:\blenderDev\blender\source\blender\blenkernel\intern\addon.c">
      <Filter>Source Files</Filter>
    </ClCompile>
    <ClCompile Include="D:\blenderDev\blender\source\blender\blenkernel\intern\anim.c">
      <Filter>Source Files</Filter>
    </ClCompile>
    <ClCompile Include="D:\blenderDev\blender\source\blender\blenkernel\intern\anim_sys.c">
      <Filter>Source Files</Filter>
    </ClCompile>
    <ClCompile Include="D:\blenderDev\blender\source\blender\blenkernel\intern\appdir.c">
      <Filter>Source Files</Filter>
    </ClCompile>
    <ClCompile Include="D:\blenderDev\blender\source\blender\blenkernel\intern\armature.c">
      <Filter>Source Files</Filter>
    </ClCompile>
    <ClCompile Include="D:\blenderDev\blender\source\blender\blenkernel\intern\armature_update.c">
      <Filter>Source Files</Filter>
    </ClCompile>
    <ClCompile Include="D:\blenderDev\blender\source\blender\blenkernel\intern\autoexec.c">
      <Filter>Source Files</Filter>
    </ClCompile>
    <ClCompile Include="D:\blenderDev\blender\source\blender\blenkernel\intern\blender.c">
      <Filter>Source Files</Filter>
    </ClCompile>
    <ClCompile Include="D:\blenderDev\blender\source\blender\blenkernel\intern\bmfont.c">
      <Filter>Source Files</Filter>
    </ClCompile>
    <ClCompile Include="D:\blenderDev\blender\source\blender\blenkernel\intern\boids.c">
      <Filter>Source Files</Filter>
    </ClCompile>
    <ClCompile Include="D:\blenderDev\blender\source\blender\blenkernel\intern\bpath.c">
      <Filter>Source Files</Filter>
    </ClCompile>
    <ClCompile Include="D:\blenderDev\blender\source\blender\blenkernel\intern\brush.c">
      <Filter>Source Files</Filter>
    </ClCompile>
    <ClCompile Include="D:\blenderDev\blender\source\blender\blenkernel\intern\bullet.c">
      <Filter>Source Files</Filter>
    </ClCompile>
    <ClCompile Include="D:\blenderDev\blender\source\blender\blenkernel\intern\bvhutils.c">
      <Filter>Source Files</Filter>
    </ClCompile>
    <ClCompile Include="D:\blenderDev\blender\source\blender\blenkernel\intern\camera.c">
      <Filter>Source Files</Filter>
    </ClCompile>
    <ClCompile Include="D:\blenderDev\blender\source\blender\blenkernel\intern\cdderivedmesh.c">
      <Filter>Source Files</Filter>
    </ClCompile>
    <ClCompile Include="D:\blenderDev\blender\source\blender\blenkernel\intern\cloth.c">
      <Filter>Source Files</Filter>
    </ClCompile>
    <ClCompile Include="D:\blenderDev\blender\source\blender\blenkernel\intern\collision.c">
      <Filter>Source Files</Filter>
    </ClCompile>
    <ClCompile Include="D:\blenderDev\blender\source\blender\blenkernel\intern\colortools.c">
      <Filter>Source Files</Filter>
    </ClCompile>
    <ClCompile Include="D:\blenderDev\blender\source\blender\blenkernel\intern\constraint.c">
      <Filter>Source Files</Filter>
    </ClCompile>
    <ClCompile Include="D:\blenderDev\blender\source\blender\blenkernel\intern\context.c">
      <Filter>Source Files</Filter>
    </ClCompile>
    <ClCompile Include="D:\blenderDev\blender\source\blender\blenkernel\intern\crazyspace.c">
      <Filter>Source Files</Filter>
    </ClCompile>
    <ClCompile Include="D:\blenderDev\blender\source\blender\blenkernel\intern\curve.c">
      <Filter>Source Files</Filter>
    </ClCompile>
    <ClCompile Include="D:\blenderDev\blender\source\blender\blenkernel\intern\customdata.c">
      <Filter>Source Files</Filter>
    </ClCompile>
    <ClCompile Include="D:\blenderDev\blender\source\blender\blenkernel\intern\customdata_file.c">
      <Filter>Source Files</Filter>
    </ClCompile>
    <ClCompile Include="D:\blenderDev\blender\source\blender\blenkernel\intern\data_transfer.c">
      <Filter>Source Files</Filter>
    </ClCompile>
    <ClCompile Include="D:\blenderDev\blender\source\blender\blenkernel\intern\deform.c">
      <Filter>Source Files</Filter>
    </ClCompile>
    <ClCompile Include="D:\blenderDev\blender\source\blender\blenkernel\intern\depsgraph.c">
      <Filter>Source Files</Filter>
    </ClCompile>
    <ClCompile Include="D:\blenderDev\blender\source\blender\blenkernel\intern\displist.c">
      <Filter>Source Files</Filter>
    </ClCompile>
    <ClCompile Include="D:\blenderDev\blender\source\blender\blenkernel\intern\dynamicpaint.c">
      <Filter>Source Files</Filter>
    </ClCompile>
    <ClCompile Include="D:\blenderDev\blender\source\blender\blenkernel\intern\editderivedmesh.c">
      <Filter>Source Files</Filter>
    </ClCompile>
    <ClCompile Include="D:\blenderDev\blender\source\blender\blenkernel\intern\editmesh.c">
      <Filter>Source Files</Filter>
    </ClCompile>
    <ClCompile Include="D:\blenderDev\blender\source\blender\blenkernel\intern\editmesh_bvh.c">
      <Filter>Source Files</Filter>
    </ClCompile>
    <ClCompile Include="D:\blenderDev\blender\source\blender\blenkernel\intern\effect.c">
      <Filter>Source Files</Filter>
    </ClCompile>
    <ClCompile Include="D:\blenderDev\blender\source\blender\blenkernel\intern\fcurve.c">
      <Filter>Source Files</Filter>
    </ClCompile>
    <ClCompile Include="D:\blenderDev\blender\source\blender\blenkernel\intern\fluidsim.c">
      <Filter>Source Files</Filter>
    </ClCompile>
    <ClCompile Include="D:\blenderDev\blender\source\blender\blenkernel\intern\fmodifier.c">
      <Filter>Source Files</Filter>
    </ClCompile>
    <ClCompile Include="D:\blenderDev\blender\source\blender\blenkernel\intern\font.c">
      <Filter>Source Files</Filter>
    </ClCompile>
    <ClCompile Include="D:\blenderDev\blender\source\blender\blenkernel\intern\freestyle.c">
      <Filter>Source Files</Filter>
    </ClCompile>
    <ClCompile Include="D:\blenderDev\blender\source\blender\blenkernel\intern\gpencil.c">
      <Filter>Source Files</Filter>
    </ClCompile>
    <ClCompile Include="D:\blenderDev\blender\source\blender\blenkernel\intern\group.c">
      <Filter>Source Files</Filter>
    </ClCompile>
    <ClCompile Include="D:\blenderDev\blender\source\blender\blenkernel\intern\icons.c">
      <Filter>Source Files</Filter>
    </ClCompile>
    <ClCompile Include="D:\blenderDev\blender\source\blender\blenkernel\intern\idcode.c">
      <Filter>Source Files</Filter>
    </ClCompile>
    <ClCompile Include="D:\blenderDev\blender\source\blender\blenkernel\intern\idprop.c">
      <Filter>Source Files</Filter>
    </ClCompile>
    <ClCompile Include="D:\blenderDev\blender\source\blender\blenkernel\intern\image.c">
      <Filter>Source Files</Filter>
    </ClCompile>
    <ClCompile Include="D:\blenderDev\blender\source\blender\blenkernel\intern\image_gen.c">
      <Filter>Source Files</Filter>
    </ClCompile>
    <ClCompile Include="D:\blenderDev\blender\source\blender\blenkernel\intern\ipo.c">
      <Filter>Source Files</Filter>
    </ClCompile>
    <ClCompile Include="D:\blenderDev\blender\source\blender\blenkernel\intern\key.c">
      <Filter>Source Files</Filter>
    </ClCompile>
    <ClCompile Include="D:\blenderDev\blender\source\blender\blenkernel\intern\lamp.c">
      <Filter>Source Files</Filter>
    </ClCompile>
    <ClCompile Include="D:\blenderDev\blender\source\blender\blenkernel\intern\lattice.c">
      <Filter>Source Files</Filter>
    </ClCompile>
    <ClCompile Include="D:\blenderDev\blender\source\blender\blenkernel\intern\library.c">
      <Filter>Source Files</Filter>
    </ClCompile>
    <ClCompile Include="D:\blenderDev\blender\source\blender\blenkernel\intern\library_query.c">
      <Filter>Source Files</Filter>
    </ClCompile>
    <ClCompile Include="D:\blenderDev\blender\source\blender\blenkernel\intern\linestyle.c">
      <Filter>Source Files</Filter>
    </ClCompile>
    <ClCompile Include="D:\blenderDev\blender\source\blender\blenkernel\intern\mask.c">
      <Filter>Source Files</Filter>
    </ClCompile>
    <ClCompile Include="D:\blenderDev\blender\source\blender\blenkernel\intern\mask_evaluate.c">
      <Filter>Source Files</Filter>
    </ClCompile>
    <ClCompile Include="D:\blenderDev\blender\source\blender\blenkernel\intern\mask_rasterize.c">
      <Filter>Source Files</Filter>
    </ClCompile>
    <ClCompile Include="D:\blenderDev\blender\source\blender\blenkernel\intern\material.c">
      <Filter>Source Files</Filter>
    </ClCompile>
    <ClCompile Include="D:\blenderDev\blender\source\blender\blenkernel\intern\mball.c">
      <Filter>Source Files</Filter>
    </ClCompile>
    <ClCompile Include="D:\blenderDev\blender\source\blender\blenkernel\intern\mball_tessellate.c">
      <Filter>Source Files</Filter>
    </ClCompile>
    <ClCompile Include="D:\blenderDev\blender\source\blender\blenkernel\intern\mesh.c">
      <Filter>Source Files</Filter>
    </ClCompile>
    <ClCompile Include="D:\blenderDev\blender\source\blender\blenkernel\intern\mesh_evaluate.c">
      <Filter>Source Files</Filter>
    </ClCompile>
    <ClCompile Include="D:\blenderDev\blender\source\blender\blenkernel\intern\mesh_mapping.c">
      <Filter>Source Files</Filter>
    </ClCompile>
    <ClCompile Include="D:\blenderDev\blender\source\blender\blenkernel\intern\mesh_remap.c">
      <Filter>Source Files</Filter>
    </ClCompile>
    <ClCompile Include="D:\blenderDev\blender\source\blender\blenkernel\intern\mesh_validate.c">
      <Filter>Source Files</Filter>
    </ClCompile>
    <ClCompile Include="D:\blenderDev\blender\source\blender\blenkernel\intern\modifier.c">
      <Filter>Source Files</Filter>
    </ClCompile>
    <ClCompile Include="D:\blenderDev\blender\source\blender\blenkernel\intern\modifiers_bmesh.c">
      <Filter>Source Files</Filter>
    </ClCompile>
    <ClCompile Include="D:\blenderDev\blender\source\blender\blenkernel\intern\movieclip.c">
      <Filter>Source Files</Filter>
    </ClCompile>
    <ClCompile Include="D:\blenderDev\blender\source\blender\blenkernel\intern\multires.c">
      <Filter>Source Files</Filter>
    </ClCompile>
    <ClCompile Include="D:\blenderDev\blender\source\blender\blenkernel\intern\nla.c">
      <Filter>Source Files</Filter>
    </ClCompile>
    <ClCompile Include="D:\blenderDev\blender\source\blender\blenkernel\intern\node.c">
      <Filter>Source Files</Filter>
    </ClCompile>
    <ClCompile Include="D:\blenderDev\blender\source\blender\blenkernel\intern\object.c">
      <Filter>Source Files</Filter>
    </ClCompile>
    <ClCompile Include="D:\blenderDev\blender\source\blender\blenkernel\intern\object_deform.c">
      <Filter>Source Files</Filter>
    </ClCompile>
    <ClCompile Include="D:\blenderDev\blender\source\blender\blenkernel\intern\object_dupli.c">
      <Filter>Source Files</Filter>
    </ClCompile>
    <ClCompile Include="D:\blenderDev\blender\source\blender\blenkernel\intern\object_update.c">
      <Filter>Source Files</Filter>
    </ClCompile>
    <ClCompile Include="D:\blenderDev\blender\source\blender\blenkernel\intern\ocean.c">
      <Filter>Source Files</Filter>
    </ClCompile>
    <ClCompile Include="D:\blenderDev\blender\source\blender\blenkernel\intern\outliner_treehash.c">
      <Filter>Source Files</Filter>
    </ClCompile>
    <ClCompile Include="D:\blenderDev\blender\source\blender\blenkernel\intern\packedFile.c">
      <Filter>Source Files</Filter>
    </ClCompile>
    <ClCompile Include="D:\blenderDev\blender\source\blender\blenkernel\intern\paint.c">
      <Filter>Source Files</Filter>
    </ClCompile>
    <ClCompile Include="D:\blenderDev\blender\source\blender\blenkernel\intern\particle.c">
      <Filter>Source Files</Filter>
    </ClCompile>
    <ClCompile Include="D:\blenderDev\blender\source\blender\blenkernel\intern\particle_child.c">
      <Filter>Source Files</Filter>
    </ClCompile>
    <ClCompile Include="D:\blenderDev\blender\source\blender\blenkernel\intern\particle_distribute.c">
      <Filter>Source Files</Filter>
    </ClCompile>
    <ClCompile Include="D:\blenderDev\blender\source\blender\blenkernel\intern\particle_system.c">
      <Filter>Source Files</Filter>
    </ClCompile>
    <ClCompile Include="D:\blenderDev\blender\source\blender\blenkernel\intern\pbvh.c">
      <Filter>Source Files</Filter>
    </ClCompile>
    <ClCompile Include="D:\blenderDev\blender\source\blender\blenkernel\intern\pbvh_bmesh.c">
      <Filter>Source Files</Filter>
    </ClCompile>
    <ClCompile Include="D:\blenderDev\blender\source\blender\blenkernel\intern\pointcache.c">
      <Filter>Source Files</Filter>
    </ClCompile>
    <ClCompile Include="D:\blenderDev\blender\source\blender\blenkernel\intern\property.c">
      <Filter>Source Files</Filter>
    </ClCompile>
    <ClCompile Include="D:\blenderDev\blender\source\blender\blenkernel\intern\report.c">
      <Filter>Source Files</Filter>
    </ClCompile>
    <ClCompile Include="D:\blenderDev\blender\source\blender\blenkernel\intern\rigidbody.c">
      <Filter>Source Files</Filter>
    </ClCompile>
    <ClCompile Include="D:\blenderDev\blender\source\blender\blenkernel\intern\sca.c">
      <Filter>Source Files</Filter>
    </ClCompile>
    <ClCompile Include="D:\blenderDev\blender\source\blender\blenkernel\intern\scene.c">
      <Filter>Source Files</Filter>
    </ClCompile>
    <ClCompile Include="D:\blenderDev\blender\source\blender\blenkernel\intern\screen.c">
      <Filter>Source Files</Filter>
    </ClCompile>
    <ClCompile Include="D:\blenderDev\blender\source\blender\blenkernel\intern\seqcache.c">
      <Filter>Source Files</Filter>
    </ClCompile>
    <ClCompile Include="D:\blenderDev\blender\source\blender\blenkernel\intern\seqeffects.c">
      <Filter>Source Files</Filter>
    </ClCompile>
    <ClCompile Include="D:\blenderDev\blender\source\blender\blenkernel\intern\seqmodifier.c">
      <Filter>Source Files</Filter>
    </ClCompile>
    <ClCompile Include="D:\blenderDev\blender\source\blender\blenkernel\intern\sequencer.c">
      <Filter>Source Files</Filter>
    </ClCompile>
    <ClCompile Include="D:\blenderDev\blender\source\blender\blenkernel\intern\shrinkwrap.c">
      <Filter>Source Files</Filter>
    </ClCompile>
    <ClCompile Include="D:\blenderDev\blender\source\blender\blenkernel\intern\sketch.c">
      <Filter>Source Files</Filter>
    </ClCompile>
    <ClCompile Include="D:\blenderDev\blender\source\blender\blenkernel\intern\smoke.c">
      <Filter>Source Files</Filter>
    </ClCompile>
    <ClCompile Include="D:\blenderDev\blender\source\blender\blenkernel\intern\softbody.c">
      <Filter>Source Files</Filter>
    </ClCompile>
    <ClCompile Include="D:\blenderDev\blender\source\blender\blenkernel\intern\sound.c">
      <Filter>Source Files</Filter>
    </ClCompile>
    <ClCompile Include="D:\blenderDev\blender\source\blender\blenkernel\intern\speaker.c">
      <Filter>Source Files</Filter>
    </ClCompile>
    <ClCompile Include="D:\blenderDev\blender\source\blender\blenkernel\intern\subsurf_ccg.c">
      <Filter>Source Files</Filter>
    </ClCompile>
    <ClCompile Include="D:\blenderDev\blender\source\blender\blenkernel\intern\suggestions.c">
      <Filter>Source Files</Filter>
    </ClCompile>
    <ClCompile Include="D:\blenderDev\blender\source\blender\blenkernel\intern\text.c">
      <Filter>Source Files</Filter>
    </ClCompile>
    <ClCompile Include="D:\blenderDev\blender\source\blender\blenkernel\intern\texture.c">
      <Filter>Source Files</Filter>
    </ClCompile>
    <ClCompile Include="D:\blenderDev\blender\source\blender\blenkernel\intern\tracking.c">
      <Filter>Source Files</Filter>
    </ClCompile>
    <ClCompile Include="D:\blenderDev\blender\source\blender\blenkernel\intern\tracking_auto.c">
      <Filter>Source Files</Filter>
    </ClCompile>
    <ClCompile Include="D:\blenderDev\blender\source\blender\blenkernel\intern\tracking_detect.c">
      <Filter>Source Files</Filter>
    </ClCompile>
    <ClCompile Include="D:\blenderDev\blender\source\blender\blenkernel\intern\tracking_plane_tracker.c">
      <Filter>Source Files</Filter>
    </ClCompile>
    <ClCompile Include="D:\blenderDev\blender\source\blender\blenkernel\intern\tracking_region_tracker.c">
      <Filter>Source Files</Filter>
    </ClCompile>
    <ClCompile Include="D:\blenderDev\blender\source\blender\blenkernel\intern\tracking_solver.c">
      <Filter>Source Files</Filter>
    </ClCompile>
    <ClCompile Include="D:\blenderDev\blender\source\blender\blenkernel\intern\tracking_stabilize.c">
      <Filter>Source Files</Filter>
    </ClCompile>
    <ClCompile Include="D:\blenderDev\blender\source\blender\blenkernel\intern\tracking_util.c">
      <Filter>Source Files</Filter>
    </ClCompile>
    <ClCompile Include="D:\blenderDev\blender\source\blender\blenkernel\intern\unit.c">
      <Filter>Source Files</Filter>
    </ClCompile>
    <ClCompile Include="D:\blenderDev\blender\source\blender\blenkernel\intern\world.c">
      <Filter>Source Files</Filter>
    </ClCompile>
    <ClCompile Include="D:\blenderDev\blender\source\blender\blenkernel\intern\writeavi.c">
      <Filter>Source Files</Filter>
    </ClCompile>
    <ClCompile Include="D:\blenderDev\blender\source\blender\blenkernel\intern\writeframeserver.c">
      <Filter>Source Files</Filter>
    </ClCompile>
    <ClCompile Include="D:\blenderDev\blender\source\blender\blenkernel\intern\writeffmpeg.c">
      <Filter>Source Files</Filter>
    </ClCompile>
    <ClCompile Include="D:\blenderDev\blender\source\blender\blenkernel\intern\navmesh_conversion.c">
      <Filter>Source Files</Filter>
    </ClCompile>
  </ItemGroup>
  <ItemGroup>
    <ClInclude Include="D:\blenderDev\blender\source\blender\blenkernel\BKE_DerivedMesh.h">
      <Filter>Header Files</Filter>
    </ClInclude>
    <ClInclude Include="D:\blenderDev\blender\source\blender\blenkernel\BKE_action.h">
      <Filter>Header Files</Filter>
    </ClInclude>
    <ClInclude Include="D:\blenderDev\blender\source\blender\blenkernel\BKE_addon.h">
      <Filter>Header Files</Filter>
    </ClInclude>
    <ClInclude Include="D:\blenderDev\blender\source\blender\blenkernel\BKE_anim.h">
      <Filter>Header Files</Filter>
    </ClInclude>
    <ClInclude Include="D:\blenderDev\blender\source\blender\blenkernel\BKE_animsys.h">
      <Filter>Header Files</Filter>
    </ClInclude>
    <ClInclude Include="D:\blenderDev\blender\source\blender\blenkernel\BKE_appdir.h">
      <Filter>Header Files</Filter>
    </ClInclude>
    <ClInclude Include="D:\blenderDev\blender\source\blender\blenkernel\BKE_armature.h">
      <Filter>Header Files</Filter>
    </ClInclude>
    <ClInclude Include="D:\blenderDev\blender\source\blender\blenkernel\BKE_autoexec.h">
      <Filter>Header Files</Filter>
    </ClInclude>
    <ClInclude Include="D:\blenderDev\blender\source\blender\blenkernel\BKE_blender.h">
      <Filter>Header Files</Filter>
    </ClInclude>
    <ClInclude Include="D:\blenderDev\blender\source\blender\blenkernel\BKE_bmfont.h">
      <Filter>Header Files</Filter>
    </ClInclude>
    <ClInclude Include="D:\blenderDev\blender\source\blender\blenkernel\BKE_bmfont_types.h">
      <Filter>Header Files</Filter>
    </ClInclude>
    <ClInclude Include="D:\blenderDev\blender\source\blender\blenkernel\BKE_boids.h">
      <Filter>Header Files</Filter>
    </ClInclude>
    <ClInclude Include="D:\blenderDev\blender\source\blender\blenkernel\BKE_bpath.h">
      <Filter>Header Files</Filter>
    </ClInclude>
    <ClInclude Include="D:\blenderDev\blender\source\blender\blenkernel\BKE_brush.h">
      <Filter>Header Files</Filter>
    </ClInclude>
    <ClInclude Include="D:\blenderDev\blender\source\blender\blenkernel\BKE_bullet.h">
      <Filter>Header Files</Filter>
    </ClInclude>
    <ClInclude Include="D:\blenderDev\blender\source\blender\blenkernel\BKE_bvhutils.h">
      <Filter>Header Files</Filter>
    </ClInclude>
    <ClInclude Include="D:\blenderDev\blender\source\blender\blenkernel\BKE_camera.h">
      <Filter>Header Files</Filter>
    </ClInclude>
    <ClInclude Include="D:\blenderDev\blender\source\blender\blenkernel\BKE_ccg.h">
      <Filter>Header Files</Filter>
    </ClInclude>
    <ClInclude Include="D:\blenderDev\blender\source\blender\blenkernel\BKE_cdderivedmesh.h">
      <Filter>Header Files</Filter>
    </ClInclude>
    <ClInclude Include="D:\blenderDev\blender\source\blender\blenkernel\BKE_cloth.h">
      <Filter>Header Files</Filter>
    </ClInclude>
    <ClInclude Include="D:\blenderDev\blender\source\blender\blenkernel\BKE_collision.h">
      <Filter>Header Files</Filter>
    </ClInclude>
    <ClInclude Include="D:\blenderDev\blender\source\blender\blenkernel\BKE_colortools.h">
      <Filter>Header Files</Filter>
    </ClInclude>
    <ClInclude Include="D:\blenderDev\blender\source\blender\blenkernel\BKE_constraint.h">
      <Filter>Header Files</Filter>
    </ClInclude>
    <ClInclude Include="D:\blenderDev\blender\source\blender\blenkernel\BKE_context.h">
      <Filter>Header Files</Filter>
    </ClInclude>
    <ClInclude Include="D:\blenderDev\blender\source\blender\blenkernel\BKE_crazyspace.h">
      <Filter>Header Files</Filter>
    </ClInclude>
    <ClInclude Include="D:\blenderDev\blender\source\blender\blenkernel\BKE_curve.h">
      <Filter>Header Files</Filter>
    </ClInclude>
    <ClInclude Include="D:\blenderDev\blender\source\blender\blenkernel\BKE_customdata.h">
      <Filter>Header Files</Filter>
    </ClInclude>
    <ClInclude Include="D:\blenderDev\blender\source\blender\blenkernel\BKE_customdata_file.h">
      <Filter>Header Files</Filter>
    </ClInclude>
    <ClInclude Include="D:\blenderDev\blender\source\blender\blenkernel\BKE_data_transfer.h">
      <Filter>Header Files</Filter>
    </ClInclude>
    <ClInclude Include="D:\blenderDev\blender\source\blender\blenkernel\BKE_deform.h">
      <Filter>Header Files</Filter>
    </ClInclude>
    <ClInclude Include="D:\blenderDev\blender\source\blender\blenkernel\BKE_depsgraph.h">
      <Filter>Header Files</Filter>
    </ClInclude>
    <ClInclude Include="D:\blenderDev\blender\source\blender\blenkernel\BKE_displist.h">
      <Filter>Header Files</Filter>
    </ClInclude>
    <ClInclude Include="D:\blenderDev\blender\source\blender\blenkernel\BKE_dynamicpaint.h">
      <Filter>Header Files</Filter>
    </ClInclude>
    <ClInclude Include="D:\blenderDev\blender\source\blender\blenkernel\BKE_editmesh.h">
      <Filter>Header Files</Filter>
    </ClInclude>
    <ClInclude Include="D:\blenderDev\blender\source\blender\blenkernel\BKE_editmesh_bvh.h">
      <Filter>Header Files</Filter>
    </ClInclude>
    <ClInclude Include="D:\blenderDev\blender\source\blender\blenkernel\BKE_effect.h">
      <Filter>Header Files</Filter>
    </ClInclude>
    <ClInclude Include="D:\blenderDev\blender\source\blender\blenkernel\BKE_fcurve.h">
      <Filter>Header Files</Filter>
    </ClInclude>
    <ClInclude Include="D:\blenderDev\blender\source\blender\blenkernel\BKE_fluidsim.h">
      <Filter>Header Files</Filter>
    </ClInclude>
    <ClInclude Include="D:\blenderDev\blender\source\blender\blenkernel\BKE_font.h">
      <Filter>Header Files</Filter>
    </ClInclude>
    <ClInclude Include="D:\blenderDev\blender\source\blender\blenkernel\BKE_freestyle.h">
      <Filter>Header Files</Filter>
    </ClInclude>
    <ClInclude Include="D:\blenderDev\blender\source\blender\blenkernel\BKE_global.h">
      <Filter>Header Files</Filter>
    </ClInclude>
    <ClInclude Include="D:\blenderDev\blender\source\blender\blenkernel\BKE_gpencil.h">
      <Filter>Header Files</Filter>
    </ClInclude>
    <ClInclude Include="D:\blenderDev\blender\source\blender\blenkernel\BKE_group.h">
      <Filter>Header Files</Filter>
    </ClInclude>
    <ClInclude Include="D:\blenderDev\blender\source\blender\blenkernel\BKE_icons.h">
      <Filter>Header Files</Filter>
    </ClInclude>
    <ClInclude Include="D:\blenderDev\blender\source\blender\blenkernel\BKE_idcode.h">
      <Filter>Header Files</Filter>
    </ClInclude>
    <ClInclude Include="D:\blenderDev\blender\source\blender\blenkernel\BKE_idprop.h">
      <Filter>Header Files</Filter>
    </ClInclude>
    <ClInclude Include="D:\blenderDev\blender\source\blender\blenkernel\BKE_image.h">
      <Filter>Header Files</Filter>
    </ClInclude>
    <ClInclude Include="D:\blenderDev\blender\source\blender\blenkernel\BKE_ipo.h">
      <Filter>Header Files</Filter>
    </ClInclude>
    <ClInclude Include="D:\blenderDev\blender\source\blender\blenkernel\BKE_key.h">
      <Filter>Header Files</Filter>
    </ClInclude>
    <ClInclude Include="D:\blenderDev\blender\source\blender\blenkernel\BKE_lamp.h">
      <Filter>Header Files</Filter>
    </ClInclude>
    <ClInclude Include="D:\blenderDev\blender\source\blender\blenkernel\BKE_lattice.h">
      <Filter>Header Files</Filter>
    </ClInclude>
    <ClInclude Include="D:\blenderDev\blender\source\blender\blenkernel\BKE_library.h">
      <Filter>Header Files</Filter>
    </ClInclude>
    <ClInclude Include="D:\blenderDev\blender\source\blender\blenkernel\BKE_library_query.h">
      <Filter>Header Files</Filter>
    </ClInclude>
    <ClInclude Include="D:\blenderDev\blender\source\blender\blenkernel\BKE_linestyle.h">
      <Filter>Header Files</Filter>
    </ClInclude>
    <ClInclude Include="D:\blenderDev\blender\source\blender\blenkernel\BKE_main.h">
      <Filter>Header Files</Filter>
    </ClInclude>
    <ClInclude Include="D:\blenderDev\blender\source\blender\blenkernel\BKE_mask.h">
      <Filter>Header Files</Filter>
    </ClInclude>
    <ClInclude Include="D:\blenderDev\blender\source\blender\blenkernel\BKE_material.h">
      <Filter>Header Files</Filter>
    </ClInclude>
    <ClInclude Include="D:\blenderDev\blender\source\blender\blenkernel\BKE_mball.h">
      <Filter>Header Files</Filter>
    </ClInclude>
    <ClInclude Include="D:\blenderDev\blender\source\blender\blenkernel\BKE_mball_tessellate.h">
      <Filter>Header Files</Filter>
    </ClInclude>
    <ClInclude Include="D:\blenderDev\blender\source\blender\blenkernel\BKE_mesh.h">
      <Filter>Header Files</Filter>
    </ClInclude>
    <ClInclude Include="D:\blenderDev\blender\source\blender\blenkernel\BKE_mesh_mapping.h">
      <Filter>Header Files</Filter>
    </ClInclude>
    <ClInclude Include="D:\blenderDev\blender\source\blender\blenkernel\BKE_mesh_remap.h">
      <Filter>Header Files</Filter>
    </ClInclude>
    <ClInclude Include="D:\blenderDev\blender\source\blender\blenkernel\BKE_modifier.h">
      <Filter>Header Files</Filter>
    </ClInclude>
    <ClInclude Include="D:\blenderDev\blender\source\blender\blenkernel\BKE_movieclip.h">
      <Filter>Header Files</Filter>
    </ClInclude>
    <ClInclude Include="D:\blenderDev\blender\source\blender\blenkernel\BKE_multires.h">
      <Filter>Header Files</Filter>
    </ClInclude>
    <ClInclude Include="D:\blenderDev\blender\source\blender\blenkernel\BKE_nla.h">
      <Filter>Header Files</Filter>
    </ClInclude>
    <ClInclude Include="D:\blenderDev\blender\source\blender\blenkernel\BKE_node.h">
      <Filter>Header Files</Filter>
    </ClInclude>
    <ClInclude Include="D:\blenderDev\blender\source\blender\blenkernel\BKE_object.h">
      <Filter>Header Files</Filter>
    </ClInclude>
    <ClInclude Include="D:\blenderDev\blender\source\blender\blenkernel\BKE_object_deform.h">
      <Filter>Header Files</Filter>
    </ClInclude>
    <ClInclude Include="D:\blenderDev\blender\source\blender\blenkernel\BKE_ocean.h">
      <Filter>Header Files</Filter>
    </ClInclude>
    <ClInclude Include="D:\blenderDev\blender\source\blender\blenkernel\BKE_outliner_treehash.h">
      <Filter>Header Files</Filter>
    </ClInclude>
    <ClInclude Include="D:\blenderDev\blender\source\blender\blenkernel\BKE_packedFile.h">
      <Filter>Header Files</Filter>
    </ClInclude>
    <ClInclude Include="D:\blenderDev\blender\source\blender\blenkernel\BKE_paint.h">
      <Filter>Header Files</Filter>
    </ClInclude>
    <ClInclude Include="D:\blenderDev\blender\source\blender\blenkernel\BKE_particle.h">
      <Filter>Header Files</Filter>
    </ClInclude>
    <ClInclude Include="D:\blenderDev\blender\source\blender\blenkernel\BKE_pbvh.h">
      <Filter>Header Files</Filter>
    </ClInclude>
    <ClInclude Include="D:\blenderDev\blender\source\blender\blenkernel\BKE_pointcache.h">
      <Filter>Header Files</Filter>
    </ClInclude>
    <ClInclude Include="D:\blenderDev\blender\source\blender\blenkernel\BKE_property.h">
      <Filter>Header Files</Filter>
    </ClInclude>
    <ClInclude Include="D:\blenderDev\blender\source\blender\blenkernel\BKE_report.h">
      <Filter>Header Files</Filter>
    </ClInclude>
    <ClInclude Include="D:\blenderDev\blender\source\blender\blenkernel\BKE_rigidbody.h">
      <Filter>Header Files</Filter>
    </ClInclude>
    <ClInclude Include="D:\blenderDev\blender\source\blender\blenkernel\BKE_sca.h">
      <Filter>Header Files</Filter>
    </ClInclude>
    <ClInclude Include="D:\blenderDev\blender\source\blender\blenkernel\BKE_scene.h">
      <Filter>Header Files</Filter>
    </ClInclude>
    <ClInclude Include="D:\blenderDev\blender\source\blender\blenkernel\BKE_screen.h">
      <Filter>Header Files</Filter>
    </ClInclude>
    <ClInclude Include="D:\blenderDev\blender\source\blender\blenkernel\BKE_sequencer.h">
      <Filter>Header Files</Filter>
    </ClInclude>
    <ClInclude Include="D:\blenderDev\blender\source\blender\blenkernel\BKE_shrinkwrap.h">
      <Filter>Header Files</Filter>
    </ClInclude>
    <ClInclude Include="D:\blenderDev\blender\source\blender\blenkernel\BKE_sketch.h">
      <Filter>Header Files</Filter>
    </ClInclude>
    <ClInclude Include="D:\blenderDev\blender\source\blender\blenkernel\BKE_smoke.h">
      <Filter>Header Files</Filter>
    </ClInclude>
    <ClInclude Include="D:\blenderDev\blender\source\blender\blenkernel\BKE_softbody.h">
      <Filter>Header Files</Filter>
    </ClInclude>
    <ClInclude Include="D:\blenderDev\blender\source\blender\blenkernel\BKE_sound.h">
      <Filter>Header Files</Filter>
    </ClInclude>
    <ClInclude Include="D:\blenderDev\blender\source\blender\blenkernel\BKE_speaker.h">
      <Filter>Header Files</Filter>
    </ClInclude>
    <ClInclude Include="D:\blenderDev\blender\source\blender\blenkernel\BKE_subsurf.h">
      <Filter>Header Files</Filter>
    </ClInclude>
    <ClInclude Include="D:\blenderDev\blender\source\blender\blenkernel\BKE_suggestions.h">
      <Filter>Header Files</Filter>
    </ClInclude>
    <ClInclude Include="D:\blenderDev\blender\source\blender\blenkernel\BKE_text.h">
      <Filter>Header Files</Filter>
    </ClInclude>
    <ClInclude Include="D:\blenderDev\blender\source\blender\blenkernel\BKE_texture.h">
      <Filter>Header Files</Filter>
    </ClInclude>
    <ClInclude Include="D:\blenderDev\blender\source\blender\blenkernel\BKE_tracking.h">
      <Filter>Header Files</Filter>
    </ClInclude>
    <ClInclude Include="D:\blenderDev\blender\source\blender\blenkernel\BKE_unit.h">
      <Filter>Header Files</Filter>
    </ClInclude>
    <ClInclude Include="D:\blenderDev\blender\source\blender\blenkernel\BKE_utildefines.h">
      <Filter>Header Files</Filter>
    </ClInclude>
    <ClInclude Include="D:\blenderDev\blender\source\blender\blenkernel\BKE_world.h">
      <Filter>Header Files</Filter>
    </ClInclude>
    <ClInclude Include="D:\blenderDev\blender\source\blender\blenkernel\BKE_writeavi.h">
      <Filter>Header Files</Filter>
    </ClInclude>
    <ClInclude Include="D:\blenderDev\blender\source\blender\blenkernel\BKE_writeframeserver.h">
      <Filter>Header Files</Filter>
    </ClInclude>
    <ClInclude Include="D:\blenderDev\blender\source\blender\blenkernel\depsgraph_private.h">
      <Filter>Header Files</Filter>
    </ClInclude>
    <ClInclude Include="D:\blenderDev\blender\source\blender\blenkernel\nla_private.h">
      <Filter>Header Files</Filter>
    </ClInclude>
    <ClInclude Include="D:\blenderDev\blender\source\blender\blenkernel\tracking_private.h">
      <Filter>Header Files</Filter>
    </ClInclude>
    <ClInclude Include="D:\blenderDev\blender\source\blender\blenkernel\intern\CCGSubSurf.h">
      <Filter>Header Files</Filter>
    </ClInclude>
    <ClInclude Include="D:\blenderDev\blender\source\blender\blenkernel\intern\CCGSubSurf_inline.h">
      <Filter>Header Files</Filter>
    </ClInclude>
    <ClInclude Include="D:\blenderDev\blender\source\blender\blenkernel\intern\CCGSubSurf_intern.h">
      <Filter>Header Files</Filter>
    </ClInclude>
    <ClInclude Include="D:\blenderDev\blender\source\blender\blenkernel\intern\pbvh_intern.h">
      <Filter>Header Files</Filter>
    </ClInclude>
    <ClInclude Include="D:\blenderDev\blender\source\blender\blenkernel\intern\data_transfer_intern.h">
      <Filter>Header Files</Filter>
    </ClInclude>
    <ClInclude Include="D:\blenderDev\blender\source\blender\blenkernel\BKE_writeffmpeg.h">
      <Filter>Header Files</Filter>
    </ClInclude>
    <ClInclude Include="D:\blenderDev\blender\source\blender\blenkernel\BKE_navmesh_conversion.h">
      <Filter>Header Files</Filter>
    </ClInclude>
  </ItemGroup>
  <ItemGroup>
    <CustomBuild Include="D:\blenderDev\blender\source\blender\blenkernel\CMakeLists.txt">
      <Filter>Source Files</Filter>
    </CustomBuild>
  </ItemGroup>
  <ItemGroup>
    <Filter Include="Source Files">
      <UniqueIdentifier>{47BA5CD3-DCDE-4B65-B9E6-DD67DE9A50DE}</UniqueIdentifier>
    </Filter>
    <Filter Include="Header Files">
      <UniqueIdentifier>{2DF88026-B793-4931-819F-9C4E565EB817}</UniqueIdentifier>
    </Filter>
  </ItemGroup>
</Project>
