<?xml version="1.0" encoding="utf-8"?>
<Project ToolsVersion="12.0" xmlns="http://schemas.microsoft.com/developer/msbuild/2003">
  <ItemGroup>
    <ClCompile Include="D:\blenderDev\blender\source\blender\collada\AnimationImporter.cpp">
      <Filter>Source Files</Filter>
    </ClCompile>
    <ClCompile Include="D:\blenderDev\blender\source\blender\collada\AnimationExporter.cpp">
      <Filter>Source Files</Filter>
    </ClCompile>
    <ClCompile Include="D:\blenderDev\blender\source\blender\collada\ArmatureExporter.cpp">
      <Filter>Source Files</Filter>
    </ClCompile>
    <ClCompile Include="D:\blenderDev\blender\source\blender\collada\ArmatureImporter.cpp">
      <Filter>Source Files</Filter>
    </ClCompile>
    <ClCompile Include="D:\blenderDev\blender\source\blender\collada\CameraExporter.cpp">
      <Filter>Source Files</Filter>
    </ClCompile>
    <ClCompile Include="D:\blenderDev\blender\source\blender\collada\ControllerExporter.cpp">
      <Filter>Source Files</Filter>
    </ClCompile>
    <ClCompile Include="D:\blenderDev\blender\source\blender\collada\DocumentExporter.cpp">
      <Filter>Source Files</Filter>
    </ClCompile>
    <ClCompile Include="D:\blenderDev\blender\source\blender\collada\DocumentImporter.cpp">
      <Filter>Source Files</Filter>
    </ClCompile>
    <ClCompile Include="D:\blenderDev\blender\source\blender\collada\EffectExporter.cpp">
      <Filter>Source Files</Filter>
    </ClCompile>
    <ClCompile Include="D:\blenderDev\blender\source\blender\collada\ErrorHandler.cpp">
      <Filter>Source Files</Filter>
    </ClCompile>
    <ClCompile Include="D:\blenderDev\blender\source\blender\collada\ExportSettings.cpp">
      <Filter>Source Files</Filter>
    </ClCompile>
    <ClCompile Include="D:\blenderDev\blender\source\blender\collada\ImportSettings.cpp">
      <Filter>Source Files</Filter>
    </ClCompile>
    <ClCompile Include="D:\blenderDev\blender\source\blender\collada\ExtraHandler.cpp">
      <Filter>Source Files</Filter>
    </ClCompile>
    <ClCompile Include="D:\blenderDev\blender\source\blender\collada\ExtraTags.cpp">
      <Filter>Source Files</Filter>
    </ClCompile>
    <ClCompile Include="D:\blenderDev\blender\source\blender\collada\GeometryExporter.cpp">
      <Filter>Source Files</Filter>
    </ClCompile>
    <ClCompile Include="D:\blenderDev\blender\source\blender\collada\ImageExporter.cpp">
      <Filter>Source Files</Filter>
    </ClCompile>
    <ClCompile Include="D:\blenderDev\blender\source\blender\collada\InstanceWriter.cpp">
      <Filter>Source Files</Filter>
    </ClCompile>
    <ClCompile Include="D:\blenderDev\blender\source\blender\collada\LightExporter.cpp">
      <Filter>Source Files</Filter>
    </ClCompile>
    <ClCompile Include="D:\blenderDev\blender\source\blender\collada\MaterialExporter.cpp">
      <Filter>Source Files</Filter>
    </ClCompile>
    <ClCompile Include="D:\blenderDev\blender\source\blender\collada\MeshImporter.cpp">
      <Filter>Source Files</Filter>
    </ClCompile>
    <ClCompile Include="D:\blenderDev\blender\source\blender\collada\SkinInfo.cpp">
      <Filter>Source Files</Filter>
    </ClCompile>
    <ClCompile Include="D:\blenderDev\blender\source\blender\collada\SceneExporter.cpp">
      <Filter>Source Files</Filter>
    </ClCompile>
    <ClCompile Include="D:\blenderDev\blender\source\blender\collada\TransformReader.cpp">
      <Filter>Source Files</Filter>
    </ClCompile>
    <ClCompile Include="D:\blenderDev\blender\source\blender\collada\TransformWriter.cpp">
      <Filter>Source Files</Filter>
    </ClCompile>
    <ClCompile Include="D:\blenderDev\blender\source\blender\collada\collada.cpp">
      <Filter>Source Files</Filter>
    </ClCompile>
    <ClCompile Include="D:\blenderDev\blender\source\blender\collada\collada_internal.cpp">
      <Filter>Source Files</Filter>
    </ClCompile>
    <ClCompile Include="D:\blenderDev\blender\source\blender\collada\collada_utils.cpp">
      <Filter>Source Files</Filter>
    </ClCompile>
  </ItemGroup>
  <ItemGroup>
    <ClInclude Include="D:\blenderDev\blender\source\blender\collada\AnimationImporter.h">
      <Filter>Header Files</Filter>
    </ClInclude>
    <ClInclude Include="D:\blenderDev\blender\source\blender\collada\AnimationExporter.h">
      <Filter>Header Files</Filter>
    </ClInclude>
    <ClInclude Include="D:\blenderDev\blender\source\blender\collada\ArmatureExporter.h">
      <Filter>Header Files</Filter>
    </ClInclude>
    <ClInclude Include="D:\blenderDev\blender\source\blender\collada\ArmatureImporter.h">
      <Filter>Header Files</Filter>
    </ClInclude>
    <ClInclude Include="D:\blenderDev\blender\source\blender\collada\CameraExporter.h">
      <Filter>Header Files</Filter>
    </ClInclude>
    <ClInclude Include="D:\blenderDev\blender\source\blender\collada\ControllerExporter.h">
      <Filter>Header Files</Filter>
    </ClInclude>
    <ClInclude Include="D:\blenderDev\blender\source\blender\collada\DocumentExporter.h">
      <Filter>Header Files</Filter>
    </ClInclude>
    <ClInclude Include="D:\blenderDev\blender\source\blender\collada\DocumentImporter.h">
      <Filter>Header Files</Filter>
    </ClInclude>
    <ClInclude Include="D:\blenderDev\blender\source\blender\collada\EffectExporter.h">
      <Filter>Header Files</Filter>
    </ClInclude>
    <ClInclude Include="D:\blenderDev\blender\source\blender\collada\ErrorHandler.h">
      <Filter>Header Files</Filter>
    </ClInclude>
    <ClInclude Include="D:\blenderDev\blender\source\blender\collada\ExportSettings.h">
      <Filter>Header Files</Filter>
    </ClInclude>
    <ClInclude Include="D:\blenderDev\blender\source\blender\collada\ImportSettings.h">
      <Filter>Header Files</Filter>
    </ClInclude>
    <ClInclude Include="D:\blenderDev\blender\source\blender\collada\ExtraHandler.h">
      <Filter>Header Files</Filter>
    </ClInclude>
    <ClInclude Include="D:\blenderDev\blender\source\blender\collada\ExtraTags.h">
      <Filter>Header Files</Filter>
    </ClInclude>
    <ClInclude Include="D:\blenderDev\blender\source\blender\collada\GeometryExporter.h">
      <Filter>Header Files</Filter>
    </ClInclude>
    <ClInclude Include="D:\blenderDev\blender\source\blender\collada\ImageExporter.h">
      <Filter>Header Files</Filter>
    </ClInclude>
    <ClInclude Include="D:\blenderDev\blender\source\blender\collada\InstanceWriter.h">
      <Filter>Header Files</Filter>
    </ClInclude>
    <ClInclude Include="D:\blenderDev\blender\source\blender\collada\LightExporter.h">
      <Filter>Header Files</Filter>
    </ClInclude>
    <ClInclude Include="D:\blenderDev\blender\source\blender\collada\MaterialExporter.h">
      <Filter>Header Files</Filter>
    </ClInclude>
    <ClInclude Include="D:\blenderDev\blender\source\blender\collada\MeshImporter.h">
      <Filter>Header Files</Filter>
    </ClInclude>
    <ClInclude Include="D:\blenderDev\blender\source\blender\collada\SkinInfo.h">
      <Filter>Header Files</Filter>
    </ClInclude>
    <ClInclude Include="D:\blenderDev\blender\source\blender\collada\SceneExporter.h">
      <Filter>Header Files</Filter>
    </ClInclude>
    <ClInclude Include="D:\blenderDev\blender\source\blender\collada\TransformReader.h">
      <Filter>Header Files</Filter>
    </ClInclude>
    <ClInclude Include="D:\blenderDev\blender\source\blender\collada\TransformWriter.h">
      <Filter>Header Files</Filter>
    </ClInclude>
    <ClInclude Include="D:\blenderDev\blender\source\blender\collada\collada.h">
      <Filter>Header Files</Filter>
    </ClInclude>
    <ClInclude Include="D:\blenderDev\blender\source\blender\collada\collada_internal.h">
      <Filter>Header Files</Filter>
    </ClInclude>
    <ClInclude Include="D:\blenderDev\blender\source\blender\collada\collada_utils.h">
      <Filter>Header Files</Filter>
    </ClInclude>
  </ItemGroup>
  <ItemGroup>
    <CustomBuild Include="D:\blenderDev\blender\source\blender\collada\CMakeLists.txt">
      <Filter>Source Files</Filter>
    </CustomBuild>
  </ItemGroup>
  <ItemGroup>
    <Filter Include="Source Files">
      <UniqueIdentifier>{47BA5CD3-DCDE-4B65-B9E6-DD67DE9A50DE}</UniqueIdentifier>
    </Filter>
    <Filter Include="Header Files">
      <UniqueIdentifier>{2DF88026-B793-4931-819F-9C4E565EB817}</UniqueIdentifier>
    </Filter>
  </ItemGroup>
</Project>
