<?xml version="1.0" encoding="utf-8"?>
<Project ToolsVersion="12.0" xmlns="http://schemas.microsoft.com/developer/msbuild/2003">
  <ItemGroup>
    <CustomBuild Include="D:\blenderDev\blender\source\creator\CMakeLists.txt" />
    <CustomBuild Include="..\..\CMakeFiles\7f408499cf83c6c0df12d84b11fc08c8\ar.mo.rule">
      <Filter>CMake Rules</Filter>
    </CustomBuild>
    <CustomBuild Include="..\..\CMakeFiles\7f408499cf83c6c0df12d84b11fc08c8\ca.mo.rule">
      <Filter>CMake Rules</Filter>
    </CustomBuild>
    <CustomBuild Include="..\..\CMakeFiles\7f408499cf83c6c0df12d84b11fc08c8\cs.mo.rule">
      <Filter>CMake Rules</Filter>
    </CustomBuild>
    <CustomBuild Include="..\..\CMakeFiles\7f408499cf83c6c0df12d84b11fc08c8\de.mo.rule">
      <Filter>CMake Rules</Filter>
    </CustomBuild>
    <CustomBuild Include="..\..\CMakeFiles\7f408499cf83c6c0df12d84b11fc08c8\eo.mo.rule">
      <Filter>CMake Rules</Filter>
    </CustomBuild>
    <CustomBuild Include="..\..\CMakeFiles\7f408499cf83c6c0df12d84b11fc08c8\es.mo.rule">
      <Filter>CMake Rules</Filter>
    </CustomBuild>
    <CustomBuild Include="..\..\CMakeFiles\7f408499cf83c6c0df12d84b11fc08c8\es_ES.mo.rule">
      <Filter>CMake Rules</Filter>
    </CustomBuild>
    <CustomBuild Include="..\..\CMakeFiles\7f408499cf83c6c0df12d84b11fc08c8\eu.mo.rule">
      <Filter>CMake Rules</Filter>
    </CustomBuild>
    <CustomBuild Include="..\..\CMakeFiles\7f408499cf83c6c0df12d84b11fc08c8\fa.mo.rule">
      <Filter>CMake Rules</Filter>
    </CustomBuild>
    <CustomBuild Include="..\..\CMakeFiles\7f408499cf83c6c0df12d84b11fc08c8\fr.mo.rule">
      <Filter>CMake Rules</Filter>
    </CustomBuild>
    <CustomBuild Include="..\..\CMakeFiles\7f408499cf83c6c0df12d84b11fc08c8\he.mo.rule">
      <Filter>CMake Rules</Filter>
    </CustomBuild>
    <CustomBuild Include="..\..\CMakeFiles\7f408499cf83c6c0df12d84b11fc08c8\hi.mo.rule">
      <Filter>CMake Rules</Filter>
    </CustomBuild>
    <CustomBuild Include="..\..\CMakeFiles\7f408499cf83c6c0df12d84b11fc08c8\hr.mo.rule">
      <Filter>CMake Rules</Filter>
    </CustomBuild>
    <CustomBuild Include="..\..\CMakeFiles\7f408499cf83c6c0df12d84b11fc08c8\hu.mo.rule">
      <Filter>CMake Rules</Filter>
    </CustomBuild>
    <CustomBuild Include="..\..\CMakeFiles\7f408499cf83c6c0df12d84b11fc08c8\id.mo.rule">
      <Filter>CMake Rules</Filter>
    </CustomBuild>
    <CustomBuild Include="..\..\CMakeFiles\7f408499cf83c6c0df12d84b11fc08c8\it.mo.rule">
      <Filter>CMake Rules</Filter>
    </CustomBuild>
    <CustomBuild Include="..\..\CMakeFiles\7f408499cf83c6c0df12d84b11fc08c8\ja.mo.rule">
      <Filter>CMake Rules</Filter>
    </CustomBuild>
    <CustomBuild Include="..\..\CMakeFiles\7f408499cf83c6c0df12d84b11fc08c8\ko.mo.rule">
      <Filter>CMake Rules</Filter>
    </CustomBuild>
    <CustomBuild Include="..\..\CMakeFiles\7f408499cf83c6c0df12d84b11fc08c8\ky.mo.rule">
      <Filter>CMake Rules</Filter>
    </CustomBuild>
    <CustomBuild Include="..\..\CMakeFiles\7f408499cf83c6c0df12d84b11fc08c8\nl.mo.rule">
      <Filter>CMake Rules</Filter>
    </CustomBuild>
    <CustomBuild Include="..\..\CMakeFiles\7f408499cf83c6c0df12d84b11fc08c8\pl.mo.rule">
      <Filter>CMake Rules</Filter>
    </CustomBuild>
    <CustomBuild Include="..\..\CMakeFiles\7f408499cf83c6c0df12d84b11fc08c8\pt.mo.rule">
      <Filter>CMake Rules</Filter>
    </CustomBuild>
    <CustomBuild Include="..\..\CMakeFiles\7f408499cf83c6c0df12d84b11fc08c8\pt_BR.mo.rule">
      <Filter>CMake Rules</Filter>
    </CustomBuild>
    <CustomBuild Include="..\..\CMakeFiles\7f408499cf83c6c0df12d84b11fc08c8\ru.mo.rule">
      <Filter>CMake Rules</Filter>
    </CustomBuild>
    <CustomBuild Include="..\..\CMakeFiles\7f408499cf83c6c0df12d84b11fc08c8\sr.mo.rule">
      <Filter>CMake Rules</Filter>
    </CustomBuild>
    <CustomBuild Include="..\..\CMakeFiles\7f408499cf83c6c0df12d84b11fc08c8\sr@latin.mo.rule">
      <Filter>CMake Rules</Filter>
    </CustomBuild>
    <CustomBuild Include="..\..\CMakeFiles\7f408499cf83c6c0df12d84b11fc08c8\sv.mo.rule">
      <Filter>CMake Rules</Filter>
    </CustomBuild>
    <CustomBuild Include="..\..\CMakeFiles\7f408499cf83c6c0df12d84b11fc08c8\tr.mo.rule">
      <Filter>CMake Rules</Filter>
    </CustomBuild>
    <CustomBuild Include="..\..\CMakeFiles\7f408499cf83c6c0df12d84b11fc08c8\uk.mo.rule">
      <Filter>CMake Rules</Filter>
    </CustomBuild>
    <CustomBuild Include="..\..\CMakeFiles\7f408499cf83c6c0df12d84b11fc08c8\vi.mo.rule">
      <Filter>CMake Rules</Filter>
    </CustomBuild>
    <CustomBuild Include="..\..\CMakeFiles\7f408499cf83c6c0df12d84b11fc08c8\zh_CN.mo.rule">
      <Filter>CMake Rules</Filter>
    </CustomBuild>
    <CustomBuild Include="..\..\CMakeFiles\7f408499cf83c6c0df12d84b11fc08c8\zh_TW.mo.rule">
      <Filter>CMake Rules</Filter>
    </CustomBuild>
    <CustomBuild Include="..\..\CMakeFiles\e3f643136d585f0ddd2e7bc8b86e430f\locales.rule">
      <Filter>CMake Rules</Filter>
    </CustomBuild>
  </ItemGroup>
  <ItemGroup>
    <None Include="CMakeFiles\locales" />
  </ItemGroup>
  <ItemGroup>
    <Filter Include="CMake Rules">
      <UniqueIdentifier>{3A18D33A-727F-462F-97E0-6F4F89D3B75E}</UniqueIdentifier>
    </Filter>
  </ItemGroup>
</Project>
