<?xml version="1.0" encoding="utf-8"?>
<Project ToolsVersion="12.0" xmlns="http://schemas.microsoft.com/developer/msbuild/2003">
  <ItemGroup>
    <CustomBuild Include="D:\blenderDev\blender\source\creator\CMakeLists.txt" />
    <CustomBuild Include="..\..\CMakeFiles\82c190483461d21845e3444f5684d5fc\site-packages.rule">
      <Filter>CMake Rules</Filter>
    </CustomBuild>
    <CustomBuild Include="..\..\CMakeFiles\310f0f0be10bcdff0a85c8a4c0762cca\numpy.rule">
      <Filter>CMake Rules</Filter>
    </CustomBuild>
    <CustomBuild Include="..\..\CMakeFiles\e3f643136d585f0ddd2e7bc8b86e430f\python_numpy.rule">
      <Filter>CMake Rules</Filter>
    </CustomBuild>
  </ItemGroup>
  <ItemGroup>
    <None Include="CMakeFiles\python_numpy" />
  </ItemGroup>
  <ItemGroup>
    <Filter Include="CMake Rules">
      <UniqueIdentifier>{3A18D33A-727F-462F-97E0-6F4F89D3B75E}</UniqueIdentifier>
    </Filter>
  </ItemGroup>
</Project>
