<?xml version="1.0" encoding="utf-8"?>
<Project ToolsVersion="12.0" xmlns="http://schemas.microsoft.com/developer/msbuild/2003">
  <ItemGroup>
    <ClCompile Include="D:\blenderDev\blender\source\blender\nodes\composite\nodes\node_composite_alphaOver.c">
      <Filter>Source Files</Filter>
    </ClCompile>
    <ClCompile Include="D:\blenderDev\blender\source\blender\nodes\composite\nodes\node_composite_bilateralblur.c">
      <Filter>Source Files</Filter>
    </ClCompile>
    <ClCompile Include="D:\blenderDev\blender\source\blender\nodes\composite\nodes\node_composite_blur.c">
      <Filter>Source Files</Filter>
    </ClCompile>
    <ClCompile Include="D:\blenderDev\blender\source\blender\nodes\composite\nodes\node_composite_brightness.c">
      <Filter>Source Files</Filter>
    </ClCompile>
    <ClCompile Include="D:\blenderDev\blender\source\blender\nodes\composite\nodes\node_composite_channelMatte.c">
      <Filter>Source Files</Filter>
    </ClCompile>
    <ClCompile Include="D:\blenderDev\blender\source\blender\nodes\composite\nodes\node_composite_chromaMatte.c">
      <Filter>Source Files</Filter>
    </ClCompile>
    <ClCompile Include="D:\blenderDev\blender\source\blender\nodes\composite\nodes\node_composite_colorMatte.c">
      <Filter>Source Files</Filter>
    </ClCompile>
    <ClCompile Include="D:\blenderDev\blender\source\blender\nodes\composite\nodes\node_composite_colorSpill.c">
      <Filter>Source Files</Filter>
    </ClCompile>
    <ClCompile Include="D:\blenderDev\blender\source\blender\nodes\composite\nodes\node_composite_colorbalance.c">
      <Filter>Source Files</Filter>
    </ClCompile>
    <ClCompile Include="D:\blenderDev\blender\source\blender\nodes\composite\nodes\node_composite_common.c">
      <Filter>Source Files</Filter>
    </ClCompile>
    <ClCompile Include="D:\blenderDev\blender\source\blender\nodes\composite\nodes\node_composite_composite.c">
      <Filter>Source Files</Filter>
    </ClCompile>
    <ClCompile Include="D:\blenderDev\blender\source\blender\nodes\composite\nodes\node_composite_cornerpin.c">
      <Filter>Source Files</Filter>
    </ClCompile>
    <ClCompile Include="D:\blenderDev\blender\source\blender\nodes\composite\nodes\node_composite_crop.c">
      <Filter>Source Files</Filter>
    </ClCompile>
    <ClCompile Include="D:\blenderDev\blender\source\blender\nodes\composite\nodes\node_composite_curves.c">
      <Filter>Source Files</Filter>
    </ClCompile>
    <ClCompile Include="D:\blenderDev\blender\source\blender\nodes\composite\nodes\node_composite_despeckle.c">
      <Filter>Source Files</Filter>
    </ClCompile>
    <ClCompile Include="D:\blenderDev\blender\source\blender\nodes\composite\nodes\node_composite_doubleEdgeMask.c">
      <Filter>Source Files</Filter>
    </ClCompile>
    <ClCompile Include="D:\blenderDev\blender\source\blender\nodes\composite\nodes\node_composite_defocus.c">
      <Filter>Source Files</Filter>
    </ClCompile>
    <ClCompile Include="D:\blenderDev\blender\source\blender\nodes\composite\nodes\node_composite_diffMatte.c">
      <Filter>Source Files</Filter>
    </ClCompile>
    <ClCompile Include="D:\blenderDev\blender\source\blender\nodes\composite\nodes\node_composite_dilate.c">
      <Filter>Source Files</Filter>
    </ClCompile>
    <ClCompile Include="D:\blenderDev\blender\source\blender\nodes\composite\nodes\node_composite_directionalblur.c">
      <Filter>Source Files</Filter>
    </ClCompile>
    <ClCompile Include="D:\blenderDev\blender\source\blender\nodes\composite\nodes\node_composite_displace.c">
      <Filter>Source Files</Filter>
    </ClCompile>
    <ClCompile Include="D:\blenderDev\blender\source\blender\nodes\composite\nodes\node_composite_distanceMatte.c">
      <Filter>Source Files</Filter>
    </ClCompile>
    <ClCompile Include="D:\blenderDev\blender\source\blender\nodes\composite\nodes\node_composite_filter.c">
      <Filter>Source Files</Filter>
    </ClCompile>
    <ClCompile Include="D:\blenderDev\blender\source\blender\nodes\composite\nodes\node_composite_flip.c">
      <Filter>Source Files</Filter>
    </ClCompile>
    <ClCompile Include="D:\blenderDev\blender\source\blender\nodes\composite\nodes\node_composite_gamma.c">
      <Filter>Source Files</Filter>
    </ClCompile>
    <ClCompile Include="D:\blenderDev\blender\source\blender\nodes\composite\nodes\node_composite_glare.c">
      <Filter>Source Files</Filter>
    </ClCompile>
    <ClCompile Include="D:\blenderDev\blender\source\blender\nodes\composite\nodes\node_composite_hueSatVal.c">
      <Filter>Source Files</Filter>
    </ClCompile>
    <ClCompile Include="D:\blenderDev\blender\source\blender\nodes\composite\nodes\node_composite_huecorrect.c">
      <Filter>Source Files</Filter>
    </ClCompile>
    <ClCompile Include="D:\blenderDev\blender\source\blender\nodes\composite\nodes\node_composite_idMask.c">
      <Filter>Source Files</Filter>
    </ClCompile>
    <ClCompile Include="D:\blenderDev\blender\source\blender\nodes\composite\nodes\node_composite_image.c">
      <Filter>Source Files</Filter>
    </ClCompile>
    <ClCompile Include="D:\blenderDev\blender\source\blender\nodes\composite\nodes\node_composite_inpaint.c">
      <Filter>Source Files</Filter>
    </ClCompile>
    <ClCompile Include="D:\blenderDev\blender\source\blender\nodes\composite\nodes\node_composite_invert.c">
      <Filter>Source Files</Filter>
    </ClCompile>
    <ClCompile Include="D:\blenderDev\blender\source\blender\nodes\composite\nodes\node_composite_keyingscreen.c">
      <Filter>Source Files</Filter>
    </ClCompile>
    <ClCompile Include="D:\blenderDev\blender\source\blender\nodes\composite\nodes\node_composite_keying.c">
      <Filter>Source Files</Filter>
    </ClCompile>
    <ClCompile Include="D:\blenderDev\blender\source\blender\nodes\composite\nodes\node_composite_lensdist.c">
      <Filter>Source Files</Filter>
    </ClCompile>
    <ClCompile Include="D:\blenderDev\blender\source\blender\nodes\composite\nodes\node_composite_levels.c">
      <Filter>Source Files</Filter>
    </ClCompile>
    <ClCompile Include="D:\blenderDev\blender\source\blender\nodes\composite\nodes\node_composite_lummaMatte.c">
      <Filter>Source Files</Filter>
    </ClCompile>
    <ClCompile Include="D:\blenderDev\blender\source\blender\nodes\composite\nodes\node_composite_mapUV.c">
      <Filter>Source Files</Filter>
    </ClCompile>
    <ClCompile Include="D:\blenderDev\blender\source\blender\nodes\composite\nodes\node_composite_mapValue.c">
      <Filter>Source Files</Filter>
    </ClCompile>
    <ClCompile Include="D:\blenderDev\blender\source\blender\nodes\composite\nodes\node_composite_mapRange.c">
      <Filter>Source Files</Filter>
    </ClCompile>
    <ClCompile Include="D:\blenderDev\blender\source\blender\nodes\composite\nodes\node_composite_math.c">
      <Filter>Source Files</Filter>
    </ClCompile>
    <ClCompile Include="D:\blenderDev\blender\source\blender\nodes\composite\nodes\node_composite_mask.c">
      <Filter>Source Files</Filter>
    </ClCompile>
    <ClCompile Include="D:\blenderDev\blender\source\blender\nodes\composite\nodes\node_composite_mixrgb.c">
      <Filter>Source Files</Filter>
    </ClCompile>
    <ClCompile Include="D:\blenderDev\blender\source\blender\nodes\composite\nodes\node_composite_movieclip.c">
      <Filter>Source Files</Filter>
    </ClCompile>
    <ClCompile Include="D:\blenderDev\blender\source\blender\nodes\composite\nodes\node_composite_moviedistortion.c">
      <Filter>Source Files</Filter>
    </ClCompile>
    <ClCompile Include="D:\blenderDev\blender\source\blender\nodes\composite\nodes\node_composite_normal.c">
      <Filter>Source Files</Filter>
    </ClCompile>
    <ClCompile Include="D:\blenderDev\blender\source\blender\nodes\composite\nodes\node_composite_normalize.c">
      <Filter>Source Files</Filter>
    </ClCompile>
    <ClCompile Include="D:\blenderDev\blender\source\blender\nodes\composite\nodes\node_composite_outputFile.c">
      <Filter>Source Files</Filter>
    </ClCompile>
    <ClCompile Include="D:\blenderDev\blender\source\blender\nodes\composite\nodes\node_composite_planetrackdeform.c">
      <Filter>Source Files</Filter>
    </ClCompile>
    <ClCompile Include="D:\blenderDev\blender\source\blender\nodes\composite\nodes\node_composite_premulkey.c">
      <Filter>Source Files</Filter>
    </ClCompile>
    <ClCompile Include="D:\blenderDev\blender\source\blender\nodes\composite\nodes\node_composite_rgb.c">
      <Filter>Source Files</Filter>
    </ClCompile>
    <ClCompile Include="D:\blenderDev\blender\source\blender\nodes\composite\nodes\node_composite_rotate.c">
      <Filter>Source Files</Filter>
    </ClCompile>
    <ClCompile Include="D:\blenderDev\blender\source\blender\nodes\composite\nodes\node_composite_scale.c">
      <Filter>Source Files</Filter>
    </ClCompile>
    <ClCompile Include="D:\blenderDev\blender\source\blender\nodes\composite\nodes\node_composite_sepcombHSVA.c">
      <Filter>Source Files</Filter>
    </ClCompile>
    <ClCompile Include="D:\blenderDev\blender\source\blender\nodes\composite\nodes\node_composite_sepcombRGBA.c">
      <Filter>Source Files</Filter>
    </ClCompile>
    <ClCompile Include="D:\blenderDev\blender\source\blender\nodes\composite\nodes\node_composite_sepcombYCCA.c">
      <Filter>Source Files</Filter>
    </ClCompile>
    <ClCompile Include="D:\blenderDev\blender\source\blender\nodes\composite\nodes\node_composite_sepcombYUVA.c">
      <Filter>Source Files</Filter>
    </ClCompile>
    <ClCompile Include="D:\blenderDev\blender\source\blender\nodes\composite\nodes\node_composite_setalpha.c">
      <Filter>Source Files</Filter>
    </ClCompile>
    <ClCompile Include="D:\blenderDev\blender\source\blender\nodes\composite\nodes\node_composite_splitViewer.c">
      <Filter>Source Files</Filter>
    </ClCompile>
    <ClCompile Include="D:\blenderDev\blender\source\blender\nodes\composite\nodes\node_composite_stabilize2d.c">
      <Filter>Source Files</Filter>
    </ClCompile>
    <ClCompile Include="D:\blenderDev\blender\source\blender\nodes\composite\nodes\node_composite_sunbeams.c">
      <Filter>Source Files</Filter>
    </ClCompile>
    <ClCompile Include="D:\blenderDev\blender\source\blender\nodes\composite\nodes\node_composite_texture.c">
      <Filter>Source Files</Filter>
    </ClCompile>
    <ClCompile Include="D:\blenderDev\blender\source\blender\nodes\composite\nodes\node_composite_tonemap.c">
      <Filter>Source Files</Filter>
    </ClCompile>
    <ClCompile Include="D:\blenderDev\blender\source\blender\nodes\composite\nodes\node_composite_trackpos.c">
      <Filter>Source Files</Filter>
    </ClCompile>
    <ClCompile Include="D:\blenderDev\blender\source\blender\nodes\composite\nodes\node_composite_transform.c">
      <Filter>Source Files</Filter>
    </ClCompile>
    <ClCompile Include="D:\blenderDev\blender\source\blender\nodes\composite\nodes\node_composite_translate.c">
      <Filter>Source Files</Filter>
    </ClCompile>
    <ClCompile Include="D:\blenderDev\blender\source\blender\nodes\composite\nodes\node_composite_valToRgb.c">
      <Filter>Source Files</Filter>
    </ClCompile>
    <ClCompile Include="D:\blenderDev\blender\source\blender\nodes\composite\nodes\node_composite_value.c">
      <Filter>Source Files</Filter>
    </ClCompile>
    <ClCompile Include="D:\blenderDev\blender\source\blender\nodes\composite\nodes\node_composite_vecBlur.c">
      <Filter>Source Files</Filter>
    </ClCompile>
    <ClCompile Include="D:\blenderDev\blender\source\blender\nodes\composite\nodes\node_composite_viewer.c">
      <Filter>Source Files</Filter>
    </ClCompile>
    <ClCompile Include="D:\blenderDev\blender\source\blender\nodes\composite\nodes\node_composite_zcombine.c">
      <Filter>Source Files</Filter>
    </ClCompile>
    <ClCompile Include="D:\blenderDev\blender\source\blender\nodes\composite\nodes\node_composite_bokehblur.c">
      <Filter>Source Files</Filter>
    </ClCompile>
    <ClCompile Include="D:\blenderDev\blender\source\blender\nodes\composite\nodes\node_composite_bokehimage.c">
      <Filter>Source Files</Filter>
    </ClCompile>
    <ClCompile Include="D:\blenderDev\blender\source\blender\nodes\composite\nodes\node_composite_boxmask.c">
      <Filter>Source Files</Filter>
    </ClCompile>
    <ClCompile Include="D:\blenderDev\blender\source\blender\nodes\composite\nodes\node_composite_ellipsemask.c">
      <Filter>Source Files</Filter>
    </ClCompile>
    <ClCompile Include="D:\blenderDev\blender\source\blender\nodes\composite\nodes\node_composite_switch.c">
      <Filter>Source Files</Filter>
    </ClCompile>
    <ClCompile Include="D:\blenderDev\blender\source\blender\nodes\composite\nodes\node_composite_switchview.c">
      <Filter>Source Files</Filter>
    </ClCompile>
    <ClCompile Include="D:\blenderDev\blender\source\blender\nodes\composite\nodes\node_composite_colorcorrection.c">
      <Filter>Source Files</Filter>
    </ClCompile>
    <ClCompile Include="D:\blenderDev\blender\source\blender\nodes\composite\nodes\node_composite_pixelate.c">
      <Filter>Source Files</Filter>
    </ClCompile>
    <ClCompile Include="D:\blenderDev\blender\source\blender\nodes\composite\node_composite_tree.c">
      <Filter>Source Files</Filter>
    </ClCompile>
    <ClCompile Include="D:\blenderDev\blender\source\blender\nodes\composite\node_composite_util.c">
      <Filter>Source Files</Filter>
    </ClCompile>
    <ClCompile Include="D:\blenderDev\blender\source\blender\nodes\shader\nodes\node_shader_camera.c">
      <Filter>Source Files</Filter>
    </ClCompile>
    <ClCompile Include="D:\blenderDev\blender\source\blender\nodes\shader\nodes\node_shader_common.c">
      <Filter>Source Files</Filter>
    </ClCompile>
    <ClCompile Include="D:\blenderDev\blender\source\blender\nodes\shader\nodes\node_shader_curves.c">
      <Filter>Source Files</Filter>
    </ClCompile>
    <ClCompile Include="D:\blenderDev\blender\source\blender\nodes\shader\nodes\node_shader_gamma.c">
      <Filter>Source Files</Filter>
    </ClCompile>
    <ClCompile Include="D:\blenderDev\blender\source\blender\nodes\shader\nodes\node_shader_brightness.c">
      <Filter>Source Files</Filter>
    </ClCompile>
    <ClCompile Include="D:\blenderDev\blender\source\blender\nodes\shader\nodes\node_shader_geom.c">
      <Filter>Source Files</Filter>
    </ClCompile>
    <ClCompile Include="D:\blenderDev\blender\source\blender\nodes\shader\nodes\node_shader_hueSatVal.c">
      <Filter>Source Files</Filter>
    </ClCompile>
    <ClCompile Include="D:\blenderDev\blender\source\blender\nodes\shader\nodes\node_shader_invert.c">
      <Filter>Source Files</Filter>
    </ClCompile>
    <ClCompile Include="D:\blenderDev\blender\source\blender\nodes\shader\nodes\node_shader_lamp.c">
      <Filter>Source Files</Filter>
    </ClCompile>
    <ClCompile Include="D:\blenderDev\blender\source\blender\nodes\shader\nodes\node_shader_mapping.c">
      <Filter>Source Files</Filter>
    </ClCompile>
    <ClCompile Include="D:\blenderDev\blender\source\blender\nodes\shader\nodes\node_shader_material.c">
      <Filter>Source Files</Filter>
    </ClCompile>
    <ClCompile Include="D:\blenderDev\blender\source\blender\nodes\shader\nodes\node_shader_math.c">
      <Filter>Source Files</Filter>
    </ClCompile>
    <ClCompile Include="D:\blenderDev\blender\source\blender\nodes\shader\nodes\node_shader_mixRgb.c">
      <Filter>Source Files</Filter>
    </ClCompile>
    <ClCompile Include="D:\blenderDev\blender\source\blender\nodes\shader\nodes\node_shader_normal.c">
      <Filter>Source Files</Filter>
    </ClCompile>
    <ClCompile Include="D:\blenderDev\blender\source\blender\nodes\shader\nodes\node_shader_output.c">
      <Filter>Source Files</Filter>
    </ClCompile>
    <ClCompile Include="D:\blenderDev\blender\source\blender\nodes\shader\nodes\node_shader_rgb.c">
      <Filter>Source Files</Filter>
    </ClCompile>
    <ClCompile Include="D:\blenderDev\blender\source\blender\nodes\shader\nodes\node_shader_sepcombRGB.c">
      <Filter>Source Files</Filter>
    </ClCompile>
    <ClCompile Include="D:\blenderDev\blender\source\blender\nodes\shader\nodes\node_shader_sepcombHSV.c">
      <Filter>Source Files</Filter>
    </ClCompile>
    <ClCompile Include="D:\blenderDev\blender\source\blender\nodes\shader\nodes\node_shader_sepcombXYZ.c">
      <Filter>Source Files</Filter>
    </ClCompile>
    <ClCompile Include="D:\blenderDev\blender\source\blender\nodes\shader\nodes\node_shader_squeeze.c">
      <Filter>Source Files</Filter>
    </ClCompile>
    <ClCompile Include="D:\blenderDev\blender\source\blender\nodes\shader\nodes\node_shader_texture.c">
      <Filter>Source Files</Filter>
    </ClCompile>
    <ClCompile Include="D:\blenderDev\blender\source\blender\nodes\shader\nodes\node_shader_valToRgb.c">
      <Filter>Source Files</Filter>
    </ClCompile>
    <ClCompile Include="D:\blenderDev\blender\source\blender\nodes\shader\nodes\node_shader_value.c">
      <Filter>Source Files</Filter>
    </ClCompile>
    <ClCompile Include="D:\blenderDev\blender\source\blender\nodes\shader\nodes\node_shader_wireframe.c">
      <Filter>Source Files</Filter>
    </ClCompile>
    <ClCompile Include="D:\blenderDev\blender\source\blender\nodes\shader\nodes\node_shader_wavelength.c">
      <Filter>Source Files</Filter>
    </ClCompile>
    <ClCompile Include="D:\blenderDev\blender\source\blender\nodes\shader\nodes\node_shader_blackbody.c">
      <Filter>Source Files</Filter>
    </ClCompile>
    <ClCompile Include="D:\blenderDev\blender\source\blender\nodes\shader\nodes\node_shader_vectMath.c">
      <Filter>Source Files</Filter>
    </ClCompile>
    <ClCompile Include="D:\blenderDev\blender\source\blender\nodes\shader\nodes\node_shader_vectTransform.c">
      <Filter>Source Files</Filter>
    </ClCompile>
    <ClCompile Include="D:\blenderDev\blender\source\blender\nodes\shader\nodes\node_shader_add_shader.c">
      <Filter>Source Files</Filter>
    </ClCompile>
    <ClCompile Include="D:\blenderDev\blender\source\blender\nodes\shader\nodes\node_shader_ambient_occlusion.c">
      <Filter>Source Files</Filter>
    </ClCompile>
    <ClCompile Include="D:\blenderDev\blender\source\blender\nodes\shader\nodes\node_shader_attribute.c">
      <Filter>Source Files</Filter>
    </ClCompile>
    <ClCompile Include="D:\blenderDev\blender\source\blender\nodes\shader\nodes\node_shader_background.c">
      <Filter>Source Files</Filter>
    </ClCompile>
    <ClCompile Include="D:\blenderDev\blender\source\blender\nodes\shader\nodes\node_shader_bsdf_anisotropic.c">
      <Filter>Source Files</Filter>
    </ClCompile>
    <ClCompile Include="D:\blenderDev\blender\source\blender\nodes\shader\nodes\node_shader_bsdf_diffuse.c">
      <Filter>Source Files</Filter>
    </ClCompile>
    <ClCompile Include="D:\blenderDev\blender\source\blender\nodes\shader\nodes\node_shader_bsdf_glass.c">
      <Filter>Source Files</Filter>
    </ClCompile>
    <ClCompile Include="D:\blenderDev\blender\source\blender\nodes\shader\nodes\node_shader_bsdf_glossy.c">
      <Filter>Source Files</Filter>
    </ClCompile>
    <ClCompile Include="D:\blenderDev\blender\source\blender\nodes\shader\nodes\node_shader_bsdf_toon.c">
      <Filter>Source Files</Filter>
    </ClCompile>
    <ClCompile Include="D:\blenderDev\blender\source\blender\nodes\shader\nodes\node_shader_bsdf_refraction.c">
      <Filter>Source Files</Filter>
    </ClCompile>
    <ClCompile Include="D:\blenderDev\blender\source\blender\nodes\shader\nodes\node_shader_bsdf_translucent.c">
      <Filter>Source Files</Filter>
    </ClCompile>
    <ClCompile Include="D:\blenderDev\blender\source\blender\nodes\shader\nodes\node_shader_bsdf_transparent.c">
      <Filter>Source Files</Filter>
    </ClCompile>
    <ClCompile Include="D:\blenderDev\blender\source\blender\nodes\shader\nodes\node_shader_bsdf_velvet.c">
      <Filter>Source Files</Filter>
    </ClCompile>
    <ClCompile Include="D:\blenderDev\blender\source\blender\nodes\shader\nodes\node_shader_bsdf_hair.c">
      <Filter>Source Files</Filter>
    </ClCompile>
    <ClCompile Include="D:\blenderDev\blender\source\blender\nodes\shader\nodes\node_shader_bump.c">
      <Filter>Source Files</Filter>
    </ClCompile>
    <ClCompile Include="D:\blenderDev\blender\source\blender\nodes\shader\nodes\node_shader_emission.c">
      <Filter>Source Files</Filter>
    </ClCompile>
    <ClCompile Include="D:\blenderDev\blender\source\blender\nodes\shader\nodes\node_shader_fresnel.c">
      <Filter>Source Files</Filter>
    </ClCompile>
    <ClCompile Include="D:\blenderDev\blender\source\blender\nodes\shader\nodes\node_shader_geometry.c">
      <Filter>Source Files</Filter>
    </ClCompile>
    <ClCompile Include="D:\blenderDev\blender\source\blender\nodes\shader\nodes\node_shader_holdout.c">
      <Filter>Source Files</Filter>
    </ClCompile>
    <ClCompile Include="D:\blenderDev\blender\source\blender\nodes\shader\nodes\node_shader_layer_weight.c">
      <Filter>Source Files</Filter>
    </ClCompile>
    <ClCompile Include="D:\blenderDev\blender\source\blender\nodes\shader\nodes\node_shader_light_falloff.c">
      <Filter>Source Files</Filter>
    </ClCompile>
    <ClCompile Include="D:\blenderDev\blender\source\blender\nodes\shader\nodes\node_shader_light_path.c">
      <Filter>Source Files</Filter>
    </ClCompile>
    <ClCompile Include="D:\blenderDev\blender\source\blender\nodes\shader\nodes\node_shader_mix_shader.c">
      <Filter>Source Files</Filter>
    </ClCompile>
    <ClCompile Include="D:\blenderDev\blender\source\blender\nodes\shader\nodes\node_shader_normal_map.c">
      <Filter>Source Files</Filter>
    </ClCompile>
    <ClCompile Include="D:\blenderDev\blender\source\blender\nodes\shader\nodes\node_shader_object_info.c">
      <Filter>Source Files</Filter>
    </ClCompile>
    <ClCompile Include="D:\blenderDev\blender\source\blender\nodes\shader\nodes\node_shader_hair_info.c">
      <Filter>Source Files</Filter>
    </ClCompile>
    <ClCompile Include="D:\blenderDev\blender\source\blender\nodes\shader\nodes\node_shader_output_lamp.c">
      <Filter>Source Files</Filter>
    </ClCompile>
    <ClCompile Include="D:\blenderDev\blender\source\blender\nodes\shader\nodes\node_shader_output_material.c">
      <Filter>Source Files</Filter>
    </ClCompile>
    <ClCompile Include="D:\blenderDev\blender\source\blender\nodes\shader\nodes\node_shader_output_world.c">
      <Filter>Source Files</Filter>
    </ClCompile>
    <ClCompile Include="D:\blenderDev\blender\source\blender\nodes\shader\nodes\node_shader_output_linestyle.c">
      <Filter>Source Files</Filter>
    </ClCompile>
    <ClCompile Include="D:\blenderDev\blender\source\blender\nodes\shader\nodes\node_shader_particle_info.c">
      <Filter>Source Files</Filter>
    </ClCompile>
    <ClCompile Include="D:\blenderDev\blender\source\blender\nodes\shader\nodes\node_shader_script.c">
      <Filter>Source Files</Filter>
    </ClCompile>
    <ClCompile Include="D:\blenderDev\blender\source\blender\nodes\shader\nodes\node_shader_subsurface_scattering.c">
      <Filter>Source Files</Filter>
    </ClCompile>
    <ClCompile Include="D:\blenderDev\blender\source\blender\nodes\shader\nodes\node_shader_tangent.c">
      <Filter>Source Files</Filter>
    </ClCompile>
    <ClCompile Include="D:\blenderDev\blender\source\blender\nodes\shader\nodes\node_shader_tex_brick.c">
      <Filter>Source Files</Filter>
    </ClCompile>
    <ClCompile Include="D:\blenderDev\blender\source\blender\nodes\shader\nodes\node_shader_tex_checker.c">
      <Filter>Source Files</Filter>
    </ClCompile>
    <ClCompile Include="D:\blenderDev\blender\source\blender\nodes\shader\nodes\node_shader_tex_coord.c">
      <Filter>Source Files</Filter>
    </ClCompile>
    <ClCompile Include="D:\blenderDev\blender\source\blender\nodes\shader\nodes\node_shader_tex_environment.c">
      <Filter>Source Files</Filter>
    </ClCompile>
    <ClCompile Include="D:\blenderDev\blender\source\blender\nodes\shader\nodes\node_shader_tex_gradient.c">
      <Filter>Source Files</Filter>
    </ClCompile>
    <ClCompile Include="D:\blenderDev\blender\source\blender\nodes\shader\nodes\node_shader_tex_image.c">
      <Filter>Source Files</Filter>
    </ClCompile>
    <ClCompile Include="D:\blenderDev\blender\source\blender\nodes\shader\nodes\node_shader_tex_magic.c">
      <Filter>Source Files</Filter>
    </ClCompile>
    <ClCompile Include="D:\blenderDev\blender\source\blender\nodes\shader\nodes\node_shader_tex_musgrave.c">
      <Filter>Source Files</Filter>
    </ClCompile>
    <ClCompile Include="D:\blenderDev\blender\source\blender\nodes\shader\nodes\node_shader_tex_noise.c">
      <Filter>Source Files</Filter>
    </ClCompile>
    <ClCompile Include="D:\blenderDev\blender\source\blender\nodes\shader\nodes\node_shader_tex_pointdensity.c">
      <Filter>Source Files</Filter>
    </ClCompile>
    <ClCompile Include="D:\blenderDev\blender\source\blender\nodes\shader\nodes\node_shader_tex_sky.c">
      <Filter>Source Files</Filter>
    </ClCompile>
    <ClCompile Include="D:\blenderDev\blender\source\blender\nodes\shader\nodes\node_shader_tex_voronoi.c">
      <Filter>Source Files</Filter>
    </ClCompile>
    <ClCompile Include="D:\blenderDev\blender\source\blender\nodes\shader\nodes\node_shader_tex_wave.c">
      <Filter>Source Files</Filter>
    </ClCompile>
    <ClCompile Include="D:\blenderDev\blender\source\blender\nodes\shader\nodes\node_shader_volume_scatter.c">
      <Filter>Source Files</Filter>
    </ClCompile>
    <ClCompile Include="D:\blenderDev\blender\source\blender\nodes\shader\nodes\node_shader_volume_absorption.c">
      <Filter>Source Files</Filter>
    </ClCompile>
    <ClCompile Include="D:\blenderDev\blender\source\blender\nodes\shader\nodes\node_shader_uvAlongStroke.c">
      <Filter>Source Files</Filter>
    </ClCompile>
    <ClCompile Include="D:\blenderDev\blender\source\blender\nodes\shader\nodes\node_shader_uvmap.c">
      <Filter>Source Files</Filter>
    </ClCompile>
    <ClCompile Include="D:\blenderDev\blender\source\blender\nodes\shader\node_shader_tree.c">
      <Filter>Source Files</Filter>
    </ClCompile>
    <ClCompile Include="D:\blenderDev\blender\source\blender\nodes\shader\node_shader_util.c">
      <Filter>Source Files</Filter>
    </ClCompile>
    <ClCompile Include="D:\blenderDev\blender\source\blender\nodes\texture\nodes\node_texture_at.c">
      <Filter>Source Files</Filter>
    </ClCompile>
    <ClCompile Include="D:\blenderDev\blender\source\blender\nodes\texture\nodes\node_texture_bricks.c">
      <Filter>Source Files</Filter>
    </ClCompile>
    <ClCompile Include="D:\blenderDev\blender\source\blender\nodes\texture\nodes\node_texture_checker.c">
      <Filter>Source Files</Filter>
    </ClCompile>
    <ClCompile Include="D:\blenderDev\blender\source\blender\nodes\texture\nodes\node_texture_common.c">
      <Filter>Source Files</Filter>
    </ClCompile>
    <ClCompile Include="D:\blenderDev\blender\source\blender\nodes\texture\nodes\node_texture_compose.c">
      <Filter>Source Files</Filter>
    </ClCompile>
    <ClCompile Include="D:\blenderDev\blender\source\blender\nodes\texture\nodes\node_texture_coord.c">
      <Filter>Source Files</Filter>
    </ClCompile>
    <ClCompile Include="D:\blenderDev\blender\source\blender\nodes\texture\nodes\node_texture_curves.c">
      <Filter>Source Files</Filter>
    </ClCompile>
    <ClCompile Include="D:\blenderDev\blender\source\blender\nodes\texture\nodes\node_texture_decompose.c">
      <Filter>Source Files</Filter>
    </ClCompile>
    <ClCompile Include="D:\blenderDev\blender\source\blender\nodes\texture\nodes\node_texture_distance.c">
      <Filter>Source Files</Filter>
    </ClCompile>
    <ClCompile Include="D:\blenderDev\blender\source\blender\nodes\texture\nodes\node_texture_hueSatVal.c">
      <Filter>Source Files</Filter>
    </ClCompile>
    <ClCompile Include="D:\blenderDev\blender\source\blender\nodes\texture\nodes\node_texture_image.c">
      <Filter>Source Files</Filter>
    </ClCompile>
    <ClCompile Include="D:\blenderDev\blender\source\blender\nodes\texture\nodes\node_texture_invert.c">
      <Filter>Source Files</Filter>
    </ClCompile>
    <ClCompile Include="D:\blenderDev\blender\source\blender\nodes\texture\nodes\node_texture_math.c">
      <Filter>Source Files</Filter>
    </ClCompile>
    <ClCompile Include="D:\blenderDev\blender\source\blender\nodes\texture\nodes\node_texture_mixRgb.c">
      <Filter>Source Files</Filter>
    </ClCompile>
    <ClCompile Include="D:\blenderDev\blender\source\blender\nodes\texture\nodes\node_texture_output.c">
      <Filter>Source Files</Filter>
    </ClCompile>
    <ClCompile Include="D:\blenderDev\blender\source\blender\nodes\texture\nodes\node_texture_proc.c">
      <Filter>Source Files</Filter>
    </ClCompile>
    <ClCompile Include="D:\blenderDev\blender\source\blender\nodes\texture\nodes\node_texture_rotate.c">
      <Filter>Source Files</Filter>
    </ClCompile>
    <ClCompile Include="D:\blenderDev\blender\source\blender\nodes\texture\nodes\node_texture_scale.c">
      <Filter>Source Files</Filter>
    </ClCompile>
    <ClCompile Include="D:\blenderDev\blender\source\blender\nodes\texture\nodes\node_texture_texture.c">
      <Filter>Source Files</Filter>
    </ClCompile>
    <ClCompile Include="D:\blenderDev\blender\source\blender\nodes\texture\nodes\node_texture_translate.c">
      <Filter>Source Files</Filter>
    </ClCompile>
    <ClCompile Include="D:\blenderDev\blender\source\blender\nodes\texture\nodes\node_texture_valToNor.c">
      <Filter>Source Files</Filter>
    </ClCompile>
    <ClCompile Include="D:\blenderDev\blender\source\blender\nodes\texture\nodes\node_texture_valToRgb.c">
      <Filter>Source Files</Filter>
    </ClCompile>
    <ClCompile Include="D:\blenderDev\blender\source\blender\nodes\texture\nodes\node_texture_viewer.c">
      <Filter>Source Files</Filter>
    </ClCompile>
    <ClCompile Include="D:\blenderDev\blender\source\blender\nodes\texture\node_texture_tree.c">
      <Filter>Source Files</Filter>
    </ClCompile>
    <ClCompile Include="D:\blenderDev\blender\source\blender\nodes\texture\node_texture_util.c">
      <Filter>Source Files</Filter>
    </ClCompile>
    <ClCompile Include="D:\blenderDev\blender\source\blender\nodes\intern\node_util.c">
      <Filter>Source Files</Filter>
    </ClCompile>
    <ClCompile Include="D:\blenderDev\blender\source\blender\nodes\intern\node_exec.c">
      <Filter>Source Files</Filter>
    </ClCompile>
    <ClCompile Include="D:\blenderDev\blender\source\blender\nodes\intern\node_common.c">
      <Filter>Source Files</Filter>
    </ClCompile>
    <ClCompile Include="D:\blenderDev\blender\source\blender\nodes\intern\node_socket.c">
      <Filter>Source Files</Filter>
    </ClCompile>
  </ItemGroup>
  <ItemGroup>
    <ClInclude Include="D:\blenderDev\blender\source\blender\nodes\composite\node_composite_util.h">
      <Filter>Header Files</Filter>
    </ClInclude>
    <ClInclude Include="D:\blenderDev\blender\source\blender\nodes\shader\node_shader_util.h">
      <Filter>Header Files</Filter>
    </ClInclude>
    <ClInclude Include="D:\blenderDev\blender\source\blender\nodes\texture\node_texture_util.h">
      <Filter>Header Files</Filter>
    </ClInclude>
    <ClInclude Include="D:\blenderDev\blender\source\blender\nodes\NOD_common.h">
      <Filter>Header Files</Filter>
    </ClInclude>
    <ClInclude Include="D:\blenderDev\blender\source\blender\nodes\NOD_composite.h">
      <Filter>Header Files</Filter>
    </ClInclude>
    <ClInclude Include="D:\blenderDev\blender\source\blender\nodes\NOD_shader.h">
      <Filter>Header Files</Filter>
    </ClInclude>
    <ClInclude Include="D:\blenderDev\blender\source\blender\nodes\NOD_texture.h">
      <Filter>Header Files</Filter>
    </ClInclude>
    <ClInclude Include="D:\blenderDev\blender\source\blender\nodes\NOD_socket.h">
      <Filter>Header Files</Filter>
    </ClInclude>
    <ClInclude Include="D:\blenderDev\blender\source\blender\nodes\NOD_static_types.h">
      <Filter>Header Files</Filter>
    </ClInclude>
    <ClInclude Include="D:\blenderDev\blender\source\blender\nodes\intern\node_util.h">
      <Filter>Header Files</Filter>
    </ClInclude>
    <ClInclude Include="D:\blenderDev\blender\source\blender\nodes\intern\node_exec.h">
      <Filter>Header Files</Filter>
    </ClInclude>
    <ClInclude Include="D:\blenderDev\blender\source\blender\nodes\intern\node_common.h">
      <Filter>Header Files</Filter>
    </ClInclude>
  </ItemGroup>
  <ItemGroup>
    <CustomBuild Include="D:\blenderDev\blender\source\blender\nodes\CMakeLists.txt">
      <Filter>Source Files</Filter>
    </CustomBuild>
  </ItemGroup>
  <ItemGroup>
    <Filter Include="Source Files">
      <UniqueIdentifier>{47BA5CD3-DCDE-4B65-B9E6-DD67DE9A50DE}</UniqueIdentifier>
    </Filter>
    <Filter Include="Header Files">
      <UniqueIdentifier>{2DF88026-B793-4931-819F-9C4E565EB817}</UniqueIdentifier>
    </Filter>
  </ItemGroup>
</Project>
