<?xml version="1.0" encoding="utf-8"?>
<Project ToolsVersion="12.0" xmlns="http://schemas.microsoft.com/developer/msbuild/2003">
  <ItemGroup>
    <ClCompile Include="D:\blenderDev\blender\source\gameengine\Ketsji\BL_Action.cpp">
      <Filter>Source Files</Filter>
    </ClCompile>
    <ClCompile Include="D:\blenderDev\blender\source\gameengine\Ketsji\BL_ActionManager.cpp">
      <Filter>Source Files</Filter>
    </ClCompile>
    <ClCompile Include="D:\blenderDev\blender\source\gameengine\Ketsji\BL_BlenderShader.cpp">
      <Filter>Source Files</Filter>
    </ClCompile>
    <ClCompile Include="D:\blenderDev\blender\source\gameengine\Ketsji\BL_Material.cpp">
      <Filter>Source Files</Filter>
    </ClCompile>
    <ClCompile Include="D:\blenderDev\blender\source\gameengine\Ketsji\BL_Shader.cpp">
      <Filter>Source Files</Filter>
    </ClCompile>
    <ClCompile Include="D:\blenderDev\blender\source\gameengine\Ketsji\BL_Texture.cpp">
      <Filter>Source Files</Filter>
    </ClCompile>
    <ClCompile Include="D:\blenderDev\blender\source\gameengine\Ketsji\KX_ArmatureSensor.cpp">
      <Filter>Source Files</Filter>
    </ClCompile>
    <ClCompile Include="D:\blenderDev\blender\source\gameengine\Ketsji\KX_BlenderMaterial.cpp">
      <Filter>Source Files</Filter>
    </ClCompile>
    <ClCompile Include="D:\blenderDev\blender\source\gameengine\Ketsji\KX_Camera.cpp">
      <Filter>Source Files</Filter>
    </ClCompile>
    <ClCompile Include="D:\blenderDev\blender\source\gameengine\Ketsji\KX_CameraActuator.cpp">
      <Filter>Source Files</Filter>
    </ClCompile>
    <ClCompile Include="D:\blenderDev\blender\source\gameengine\Ketsji\KX_CameraIpoSGController.cpp">
      <Filter>Source Files</Filter>
    </ClCompile>
    <ClCompile Include="D:\blenderDev\blender\source\gameengine\Ketsji\KX_CharacterWrapper.cpp">
      <Filter>Source Files</Filter>
    </ClCompile>
    <ClCompile Include="D:\blenderDev\blender\source\gameengine\Ketsji\KX_ConstraintActuator.cpp">
      <Filter>Source Files</Filter>
    </ClCompile>
    <ClCompile Include="D:\blenderDev\blender\source\gameengine\Ketsji\KX_ConstraintWrapper.cpp">
      <Filter>Source Files</Filter>
    </ClCompile>
    <ClCompile Include="D:\blenderDev\blender\source\gameengine\Ketsji\KX_Dome.cpp">
      <Filter>Source Files</Filter>
    </ClCompile>
    <ClCompile Include="D:\blenderDev\blender\source\gameengine\Ketsji\KX_EmptyObject.cpp">
      <Filter>Source Files</Filter>
    </ClCompile>
    <ClCompile Include="D:\blenderDev\blender\source\gameengine\Ketsji\KX_FontObject.cpp">
      <Filter>Source Files</Filter>
    </ClCompile>
    <ClCompile Include="D:\blenderDev\blender\source\gameengine\Ketsji\KX_GameActuator.cpp">
      <Filter>Source Files</Filter>
    </ClCompile>
    <ClCompile Include="D:\blenderDev\blender\source\gameengine\Ketsji\KX_GameObject.cpp">
      <Filter>Source Files</Filter>
    </ClCompile>
    <ClCompile Include="D:\blenderDev\blender\source\gameengine\Ketsji\KX_IpoConvert.cpp">
      <Filter>Source Files</Filter>
    </ClCompile>
    <ClCompile Include="D:\blenderDev\blender\source\gameengine\Ketsji\KX_IPO_SGController.cpp">
      <Filter>Source Files</Filter>
    </ClCompile>
    <ClCompile Include="D:\blenderDev\blender\source\gameengine\Ketsji\KX_KetsjiEngine.cpp">
      <Filter>Source Files</Filter>
    </ClCompile>
    <ClCompile Include="D:\blenderDev\blender\source\gameengine\Ketsji\KX_Light.cpp">
      <Filter>Source Files</Filter>
    </ClCompile>
    <ClCompile Include="D:\blenderDev\blender\source\gameengine\Ketsji\KX_LightIpoSGController.cpp">
      <Filter>Source Files</Filter>
    </ClCompile>
    <ClCompile Include="D:\blenderDev\blender\source\gameengine\Ketsji\KX_MaterialIpoController.cpp">
      <Filter>Source Files</Filter>
    </ClCompile>
    <ClCompile Include="D:\blenderDev\blender\source\gameengine\Ketsji\KX_MeshProxy.cpp">
      <Filter>Source Files</Filter>
    </ClCompile>
    <ClCompile Include="D:\blenderDev\blender\source\gameengine\Ketsji\KX_MotionState.cpp">
      <Filter>Source Files</Filter>
    </ClCompile>
    <ClCompile Include="D:\blenderDev\blender\source\gameengine\Ketsji\KX_MouseActuator.cpp">
      <Filter>Source Files</Filter>
    </ClCompile>
    <ClCompile Include="D:\blenderDev\blender\source\gameengine\Ketsji\KX_MouseFocusSensor.cpp">
      <Filter>Source Files</Filter>
    </ClCompile>
    <ClCompile Include="D:\blenderDev\blender\source\gameengine\Ketsji\KX_NavMeshObject.cpp">
      <Filter>Source Files</Filter>
    </ClCompile>
    <ClCompile Include="D:\blenderDev\blender\source\gameengine\Ketsji\KX_NearSensor.cpp">
      <Filter>Source Files</Filter>
    </ClCompile>
    <ClCompile Include="D:\blenderDev\blender\source\gameengine\Ketsji\KX_ObColorIpoSGController.cpp">
      <Filter>Source Files</Filter>
    </ClCompile>
    <ClCompile Include="D:\blenderDev\blender\source\gameengine\Ketsji\KX_ObjectActuator.cpp">
      <Filter>Source Files</Filter>
    </ClCompile>
    <ClCompile Include="D:\blenderDev\blender\source\gameengine\Ketsji\KX_ObstacleSimulation.cpp">
      <Filter>Source Files</Filter>
    </ClCompile>
    <ClCompile Include="D:\blenderDev\blender\source\gameengine\Ketsji\KX_OrientationInterpolator.cpp">
      <Filter>Source Files</Filter>
    </ClCompile>
    <ClCompile Include="D:\blenderDev\blender\source\gameengine\Ketsji\KX_ParentActuator.cpp">
      <Filter>Source Files</Filter>
    </ClCompile>
    <ClCompile Include="D:\blenderDev\blender\source\gameengine\Ketsji\KX_PolyProxy.cpp">
      <Filter>Source Files</Filter>
    </ClCompile>
    <ClCompile Include="D:\blenderDev\blender\source\gameengine\Ketsji\KX_PositionInterpolator.cpp">
      <Filter>Source Files</Filter>
    </ClCompile>
    <ClCompile Include="D:\blenderDev\blender\source\gameengine\Ketsji\KX_PyConstraintBinding.cpp">
      <Filter>Source Files</Filter>
    </ClCompile>
    <ClCompile Include="D:\blenderDev\blender\source\gameengine\Ketsji\KX_PyMath.cpp">
      <Filter>Source Files</Filter>
    </ClCompile>
    <ClCompile Include="D:\blenderDev\blender\source\gameengine\Ketsji\KX_PythonInit.cpp">
      <Filter>Source Files</Filter>
    </ClCompile>
    <ClCompile Include="D:\blenderDev\blender\source\gameengine\Ketsji\KX_PythonInitTypes.cpp">
      <Filter>Source Files</Filter>
    </ClCompile>
    <ClCompile Include="D:\blenderDev\blender\source\gameengine\Ketsji\KX_PythonMain.cpp">
      <Filter>Source Files</Filter>
    </ClCompile>
    <ClCompile Include="D:\blenderDev\blender\source\gameengine\Ketsji\KX_RadarSensor.cpp">
      <Filter>Source Files</Filter>
    </ClCompile>
    <ClCompile Include="D:\blenderDev\blender\source\gameengine\Ketsji\KX_RayCast.cpp">
      <Filter>Source Files</Filter>
    </ClCompile>
    <ClCompile Include="D:\blenderDev\blender\source\gameengine\Ketsji\KX_RayEventManager.cpp">
      <Filter>Source Files</Filter>
    </ClCompile>
    <ClCompile Include="D:\blenderDev\blender\source\gameengine\Ketsji\KX_RaySensor.cpp">
      <Filter>Source Files</Filter>
    </ClCompile>
    <ClCompile Include="D:\blenderDev\blender\source\gameengine\Ketsji\KX_SCA_AddObjectActuator.cpp">
      <Filter>Source Files</Filter>
    </ClCompile>
    <ClCompile Include="D:\blenderDev\blender\source\gameengine\Ketsji\KX_SCA_DynamicActuator.cpp">
      <Filter>Source Files</Filter>
    </ClCompile>
    <ClCompile Include="D:\blenderDev\blender\source\gameengine\Ketsji\KX_SCA_EndObjectActuator.cpp">
      <Filter>Source Files</Filter>
    </ClCompile>
    <ClCompile Include="D:\blenderDev\blender\source\gameengine\Ketsji\KX_SCA_ReplaceMeshActuator.cpp">
      <Filter>Source Files</Filter>
    </ClCompile>
    <ClCompile Include="D:\blenderDev\blender\source\gameengine\Ketsji\KX_SG_BoneParentNodeRelationship.cpp">
      <Filter>Source Files</Filter>
    </ClCompile>
    <ClCompile Include="D:\blenderDev\blender\source\gameengine\Ketsji\KX_SG_NodeRelationships.cpp">
      <Filter>Source Files</Filter>
    </ClCompile>
    <ClCompile Include="D:\blenderDev\blender\source\gameengine\Ketsji\KX_ScalarInterpolator.cpp">
      <Filter>Source Files</Filter>
    </ClCompile>
    <ClCompile Include="D:\blenderDev\blender\source\gameengine\Ketsji\KX_ScalingInterpolator.cpp">
      <Filter>Source Files</Filter>
    </ClCompile>
    <ClCompile Include="D:\blenderDev\blender\source\gameengine\Ketsji\KX_Scene.cpp">
      <Filter>Source Files</Filter>
    </ClCompile>
    <ClCompile Include="D:\blenderDev\blender\source\gameengine\Ketsji\KX_SceneActuator.cpp">
      <Filter>Source Files</Filter>
    </ClCompile>
    <ClCompile Include="D:\blenderDev\blender\source\gameengine\Ketsji\KX_SoundActuator.cpp">
      <Filter>Source Files</Filter>
    </ClCompile>
    <ClCompile Include="D:\blenderDev\blender\source\gameengine\Ketsji\KX_StateActuator.cpp">
      <Filter>Source Files</Filter>
    </ClCompile>
    <ClCompile Include="D:\blenderDev\blender\source\gameengine\Ketsji\KX_SteeringActuator.cpp">
      <Filter>Source Files</Filter>
    </ClCompile>
    <ClCompile Include="D:\blenderDev\blender\source\gameengine\Ketsji\KX_TimeCategoryLogger.cpp">
      <Filter>Source Files</Filter>
    </ClCompile>
    <ClCompile Include="D:\blenderDev\blender\source\gameengine\Ketsji\KX_TimeLogger.cpp">
      <Filter>Source Files</Filter>
    </ClCompile>
    <ClCompile Include="D:\blenderDev\blender\source\gameengine\Ketsji\KX_TouchEventManager.cpp">
      <Filter>Source Files</Filter>
    </ClCompile>
    <ClCompile Include="D:\blenderDev\blender\source\gameengine\Ketsji\KX_TouchSensor.cpp">
      <Filter>Source Files</Filter>
    </ClCompile>
    <ClCompile Include="D:\blenderDev\blender\source\gameengine\Ketsji\KX_TrackToActuator.cpp">
      <Filter>Source Files</Filter>
    </ClCompile>
    <ClCompile Include="D:\blenderDev\blender\source\gameengine\Ketsji\KX_VehicleWrapper.cpp">
      <Filter>Source Files</Filter>
    </ClCompile>
    <ClCompile Include="D:\blenderDev\blender\source\gameengine\Ketsji\KX_VertexProxy.cpp">
      <Filter>Source Files</Filter>
    </ClCompile>
    <ClCompile Include="D:\blenderDev\blender\source\gameengine\Ketsji\KX_VisibilityActuator.cpp">
      <Filter>Source Files</Filter>
    </ClCompile>
    <ClCompile Include="D:\blenderDev\blender\source\gameengine\Ketsji\KX_WorldInfo.cpp">
      <Filter>Source Files</Filter>
    </ClCompile>
    <ClCompile Include="D:\blenderDev\blender\source\gameengine\Ketsji\KX_WorldIpoController.cpp">
      <Filter>Source Files</Filter>
    </ClCompile>
  </ItemGroup>
  <ItemGroup>
    <ClInclude Include="D:\blenderDev\blender\source\gameengine\Ketsji\BL_Action.h">
      <Filter>Header Files</Filter>
    </ClInclude>
    <ClInclude Include="D:\blenderDev\blender\source\gameengine\Ketsji\BL_ActionManager.h">
      <Filter>Header Files</Filter>
    </ClInclude>
    <ClInclude Include="D:\blenderDev\blender\source\gameengine\Ketsji\BL_BlenderShader.h">
      <Filter>Header Files</Filter>
    </ClInclude>
    <ClInclude Include="D:\blenderDev\blender\source\gameengine\Ketsji\BL_Material.h">
      <Filter>Header Files</Filter>
    </ClInclude>
    <ClInclude Include="D:\blenderDev\blender\source\gameengine\Ketsji\BL_Shader.h">
      <Filter>Header Files</Filter>
    </ClInclude>
    <ClInclude Include="D:\blenderDev\blender\source\gameengine\Ketsji\BL_Texture.h">
      <Filter>Header Files</Filter>
    </ClInclude>
    <ClInclude Include="D:\blenderDev\blender\source\gameengine\Ketsji\KX_ArmatureSensor.h">
      <Filter>Header Files</Filter>
    </ClInclude>
    <ClInclude Include="D:\blenderDev\blender\source\gameengine\Ketsji\KX_BlenderMaterial.h">
      <Filter>Header Files</Filter>
    </ClInclude>
    <ClInclude Include="D:\blenderDev\blender\source\gameengine\Ketsji\KX_Camera.h">
      <Filter>Header Files</Filter>
    </ClInclude>
    <ClInclude Include="D:\blenderDev\blender\source\gameengine\Ketsji\KX_CameraActuator.h">
      <Filter>Header Files</Filter>
    </ClInclude>
    <ClInclude Include="D:\blenderDev\blender\source\gameengine\Ketsji\KX_CameraIpoSGController.h">
      <Filter>Header Files</Filter>
    </ClInclude>
    <ClInclude Include="D:\blenderDev\blender\source\gameengine\Ketsji\KX_CharacterWrapper.h">
      <Filter>Header Files</Filter>
    </ClInclude>
    <ClInclude Include="D:\blenderDev\blender\source\gameengine\Ketsji\KX_ClientObjectInfo.h">
      <Filter>Header Files</Filter>
    </ClInclude>
    <ClInclude Include="D:\blenderDev\blender\source\gameengine\Ketsji\KX_ConstraintActuator.h">
      <Filter>Header Files</Filter>
    </ClInclude>
    <ClInclude Include="D:\blenderDev\blender\source\gameengine\Ketsji\KX_ConstraintWrapper.h">
      <Filter>Header Files</Filter>
    </ClInclude>
    <ClInclude Include="D:\blenderDev\blender\source\gameengine\Ketsji\KX_Dome.h">
      <Filter>Header Files</Filter>
    </ClInclude>
    <ClInclude Include="D:\blenderDev\blender\source\gameengine\Ketsji\KX_EmptyObject.h">
      <Filter>Header Files</Filter>
    </ClInclude>
    <ClInclude Include="D:\blenderDev\blender\source\gameengine\Ketsji\KX_FontObject.h">
      <Filter>Header Files</Filter>
    </ClInclude>
    <ClInclude Include="D:\blenderDev\blender\source\gameengine\Ketsji\KX_GameActuator.h">
      <Filter>Header Files</Filter>
    </ClInclude>
    <ClInclude Include="D:\blenderDev\blender\source\gameengine\Ketsji\KX_GameObject.h">
      <Filter>Header Files</Filter>
    </ClInclude>
    <ClInclude Include="D:\blenderDev\blender\source\gameengine\Ketsji\KX_IInterpolator.h">
      <Filter>Header Files</Filter>
    </ClInclude>
    <ClInclude Include="D:\blenderDev\blender\source\gameengine\Ketsji\KX_IpoConvert.h">
      <Filter>Header Files</Filter>
    </ClInclude>
    <ClInclude Include="D:\blenderDev\blender\source\gameengine\Ketsji\KX_IPOTransform.h">
      <Filter>Header Files</Filter>
    </ClInclude>
    <ClInclude Include="D:\blenderDev\blender\source\gameengine\Ketsji\KX_IPO_SGController.h">
      <Filter>Header Files</Filter>
    </ClInclude>
    <ClInclude Include="D:\blenderDev\blender\source\gameengine\Ketsji\KX_IScalarInterpolator.h">
      <Filter>Header Files</Filter>
    </ClInclude>
    <ClInclude Include="D:\blenderDev\blender\source\gameengine\Ketsji\KX_ISceneConverter.h">
      <Filter>Header Files</Filter>
    </ClInclude>
    <ClInclude Include="D:\blenderDev\blender\source\gameengine\Ketsji\KX_ISystem.h">
      <Filter>Header Files</Filter>
    </ClInclude>
    <ClInclude Include="D:\blenderDev\blender\source\gameengine\Ketsji\KX_KetsjiEngine.h">
      <Filter>Header Files</Filter>
    </ClInclude>
    <ClInclude Include="D:\blenderDev\blender\source\gameengine\Ketsji\KX_Light.h">
      <Filter>Header Files</Filter>
    </ClInclude>
    <ClInclude Include="D:\blenderDev\blender\source\gameengine\Ketsji\KX_LightIpoSGController.h">
      <Filter>Header Files</Filter>
    </ClInclude>
    <ClInclude Include="D:\blenderDev\blender\source\gameengine\Ketsji\KX_MaterialIpoController.h">
      <Filter>Header Files</Filter>
    </ClInclude>
    <ClInclude Include="D:\blenderDev\blender\source\gameengine\Ketsji\KX_MeshProxy.h">
      <Filter>Header Files</Filter>
    </ClInclude>
    <ClInclude Include="D:\blenderDev\blender\source\gameengine\Ketsji\KX_MotionState.h">
      <Filter>Header Files</Filter>
    </ClInclude>
    <ClInclude Include="D:\blenderDev\blender\source\gameengine\Ketsji\KX_MouseActuator.h">
      <Filter>Header Files</Filter>
    </ClInclude>
    <ClInclude Include="D:\blenderDev\blender\source\gameengine\Ketsji\KX_MouseFocusSensor.h">
      <Filter>Header Files</Filter>
    </ClInclude>
    <ClInclude Include="D:\blenderDev\blender\source\gameengine\Ketsji\KX_NavMeshObject.h">
      <Filter>Header Files</Filter>
    </ClInclude>
    <ClInclude Include="D:\blenderDev\blender\source\gameengine\Ketsji\KX_NearSensor.h">
      <Filter>Header Files</Filter>
    </ClInclude>
    <ClInclude Include="D:\blenderDev\blender\source\gameengine\Ketsji\KX_ObColorIpoSGController.h">
      <Filter>Header Files</Filter>
    </ClInclude>
    <ClInclude Include="D:\blenderDev\blender\source\gameengine\Ketsji\KX_ObjectActuator.h">
      <Filter>Header Files</Filter>
    </ClInclude>
    <ClInclude Include="D:\blenderDev\blender\source\gameengine\Ketsji\KX_ObstacleSimulation.h">
      <Filter>Header Files</Filter>
    </ClInclude>
    <ClInclude Include="D:\blenderDev\blender\source\gameengine\Ketsji\KX_OrientationInterpolator.h">
      <Filter>Header Files</Filter>
    </ClInclude>
    <ClInclude Include="D:\blenderDev\blender\source\gameengine\Ketsji\KX_ParentActuator.h">
      <Filter>Header Files</Filter>
    </ClInclude>
    <ClInclude Include="D:\blenderDev\blender\source\gameengine\Ketsji\KX_PhysicsEngineEnums.h">
      <Filter>Header Files</Filter>
    </ClInclude>
    <ClInclude Include="D:\blenderDev\blender\source\gameengine\Ketsji\KX_PolyProxy.h">
      <Filter>Header Files</Filter>
    </ClInclude>
    <ClInclude Include="D:\blenderDev\blender\source\gameengine\Ketsji\KX_PositionInterpolator.h">
      <Filter>Header Files</Filter>
    </ClInclude>
    <ClInclude Include="D:\blenderDev\blender\source\gameengine\Ketsji\KX_PyConstraintBinding.h">
      <Filter>Header Files</Filter>
    </ClInclude>
    <ClInclude Include="D:\blenderDev\blender\source\gameengine\Ketsji\KX_PyMath.h">
      <Filter>Header Files</Filter>
    </ClInclude>
    <ClInclude Include="D:\blenderDev\blender\source\gameengine\Ketsji\KX_PythonInit.h">
      <Filter>Header Files</Filter>
    </ClInclude>
    <ClInclude Include="D:\blenderDev\blender\source\gameengine\Ketsji\KX_PythonInitTypes.h">
      <Filter>Header Files</Filter>
    </ClInclude>
    <ClInclude Include="D:\blenderDev\blender\source\gameengine\Ketsji\KX_PythonMain.h">
      <Filter>Header Files</Filter>
    </ClInclude>
    <ClInclude Include="D:\blenderDev\blender\source\gameengine\Ketsji\KX_RadarSensor.h">
      <Filter>Header Files</Filter>
    </ClInclude>
    <ClInclude Include="D:\blenderDev\blender\source\gameengine\Ketsji\KX_RayCast.h">
      <Filter>Header Files</Filter>
    </ClInclude>
    <ClInclude Include="D:\blenderDev\blender\source\gameengine\Ketsji\KX_RayEventManager.h">
      <Filter>Header Files</Filter>
    </ClInclude>
    <ClInclude Include="D:\blenderDev\blender\source\gameengine\Ketsji\KX_RaySensor.h">
      <Filter>Header Files</Filter>
    </ClInclude>
    <ClInclude Include="D:\blenderDev\blender\source\gameengine\Ketsji\KX_SCA_AddObjectActuator.h">
      <Filter>Header Files</Filter>
    </ClInclude>
    <ClInclude Include="D:\blenderDev\blender\source\gameengine\Ketsji\KX_SCA_DynamicActuator.h">
      <Filter>Header Files</Filter>
    </ClInclude>
    <ClInclude Include="D:\blenderDev\blender\source\gameengine\Ketsji\KX_SCA_EndObjectActuator.h">
      <Filter>Header Files</Filter>
    </ClInclude>
    <ClInclude Include="D:\blenderDev\blender\source\gameengine\Ketsji\KX_SCA_ReplaceMeshActuator.h">
      <Filter>Header Files</Filter>
    </ClInclude>
    <ClInclude Include="D:\blenderDev\blender\source\gameengine\Ketsji\KX_SG_BoneParentNodeRelationship.h">
      <Filter>Header Files</Filter>
    </ClInclude>
    <ClInclude Include="D:\blenderDev\blender\source\gameengine\Ketsji\KX_SG_NodeRelationships.h">
      <Filter>Header Files</Filter>
    </ClInclude>
    <ClInclude Include="D:\blenderDev\blender\source\gameengine\Ketsji\KX_ScalarInterpolator.h">
      <Filter>Header Files</Filter>
    </ClInclude>
    <ClInclude Include="D:\blenderDev\blender\source\gameengine\Ketsji\KX_ScalingInterpolator.h">
      <Filter>Header Files</Filter>
    </ClInclude>
    <ClInclude Include="D:\blenderDev\blender\source\gameengine\Ketsji\KX_Scene.h">
      <Filter>Header Files</Filter>
    </ClInclude>
    <ClInclude Include="D:\blenderDev\blender\source\gameengine\Ketsji\KX_SceneActuator.h">
      <Filter>Header Files</Filter>
    </ClInclude>
    <ClInclude Include="D:\blenderDev\blender\source\gameengine\Ketsji\KX_SoundActuator.h">
      <Filter>Header Files</Filter>
    </ClInclude>
    <ClInclude Include="D:\blenderDev\blender\source\gameengine\Ketsji\KX_StateActuator.h">
      <Filter>Header Files</Filter>
    </ClInclude>
    <ClInclude Include="D:\blenderDev\blender\source\gameengine\Ketsji\KX_SteeringActuator.h">
      <Filter>Header Files</Filter>
    </ClInclude>
    <ClInclude Include="D:\blenderDev\blender\source\gameengine\Ketsji\KX_TimeCategoryLogger.h">
      <Filter>Header Files</Filter>
    </ClInclude>
    <ClInclude Include="D:\blenderDev\blender\source\gameengine\Ketsji\KX_TimeLogger.h">
      <Filter>Header Files</Filter>
    </ClInclude>
    <ClInclude Include="D:\blenderDev\blender\source\gameengine\Ketsji\KX_TouchEventManager.h">
      <Filter>Header Files</Filter>
    </ClInclude>
    <ClInclude Include="D:\blenderDev\blender\source\gameengine\Ketsji\KX_TouchSensor.h">
      <Filter>Header Files</Filter>
    </ClInclude>
    <ClInclude Include="D:\blenderDev\blender\source\gameengine\Ketsji\KX_TrackToActuator.h">
      <Filter>Header Files</Filter>
    </ClInclude>
    <ClInclude Include="D:\blenderDev\blender\source\gameengine\Ketsji\KX_VehicleWrapper.h">
      <Filter>Header Files</Filter>
    </ClInclude>
    <ClInclude Include="D:\blenderDev\blender\source\gameengine\Ketsji\KX_VertexProxy.h">
      <Filter>Header Files</Filter>
    </ClInclude>
    <ClInclude Include="D:\blenderDev\blender\source\gameengine\Ketsji\KX_VisibilityActuator.h">
      <Filter>Header Files</Filter>
    </ClInclude>
    <ClInclude Include="D:\blenderDev\blender\source\gameengine\Ketsji\KX_WorldInfo.h">
      <Filter>Header Files</Filter>
    </ClInclude>
    <ClInclude Include="D:\blenderDev\blender\source\gameengine\Ketsji\KX_WorldIpoController.h">
      <Filter>Header Files</Filter>
    </ClInclude>
    <ClInclude Include="D:\blenderDev\blender\source\gameengine\Physics\common\PHY_DynamicTypes.h">
      <Filter>Header Files</Filter>
    </ClInclude>
    <ClInclude Include="D:\blenderDev\blender\source\gameengine\Physics\common\PHY_ICharacter.h">
      <Filter>Header Files</Filter>
    </ClInclude>
    <ClInclude Include="D:\blenderDev\blender\source\gameengine\Physics\common\PHY_IController.h">
      <Filter>Header Files</Filter>
    </ClInclude>
    <ClInclude Include="D:\blenderDev\blender\source\gameengine\Physics\common\PHY_IGraphicController.h">
      <Filter>Header Files</Filter>
    </ClInclude>
    <ClInclude Include="D:\blenderDev\blender\source\gameengine\Physics\common\PHY_IMotionState.h">
      <Filter>Header Files</Filter>
    </ClInclude>
    <ClInclude Include="D:\blenderDev\blender\source\gameengine\Physics\common\PHY_IPhysicsController.h">
      <Filter>Header Files</Filter>
    </ClInclude>
    <ClInclude Include="D:\blenderDev\blender\source\gameengine\Physics\common\PHY_IPhysicsEnvironment.h">
      <Filter>Header Files</Filter>
    </ClInclude>
    <ClInclude Include="D:\blenderDev\blender\source\gameengine\Physics\common\PHY_IVehicle.h">
      <Filter>Header Files</Filter>
    </ClInclude>
    <ClInclude Include="D:\blenderDev\blender\source\gameengine\Physics\common\PHY_Pro.h">
      <Filter>Header Files</Filter>
    </ClInclude>
  </ItemGroup>
  <ItemGroup>
    <CustomBuild Include="D:\blenderDev\blender\source\gameengine\Ketsji\CMakeLists.txt">
      <Filter>Source Files</Filter>
    </CustomBuild>
  </ItemGroup>
  <ItemGroup>
    <Filter Include="Source Files">
      <UniqueIdentifier>{47BA5CD3-DCDE-4B65-B9E6-DD67DE9A50DE}</UniqueIdentifier>
    </Filter>
    <Filter Include="Header Files">
      <UniqueIdentifier>{2DF88026-B793-4931-819F-9C4E565EB817}</UniqueIdentifier>
    </Filter>
  </ItemGroup>
</Project>
