<?xml version="1.0" encoding="utf-8"?>
<Project ToolsVersion="12.0" xmlns="http://schemas.microsoft.com/developer/msbuild/2003">
  <ItemGroup>
    <ClCompile Include="D:\blenderDev\blender\intern\cycles\kernel\kernels\cpu\kernel.cpp">
      <Filter>Source Files</Filter>
    </ClCompile>
    <ClCompile Include="D:\blenderDev\blender\intern\cycles\kernel\kernels\cpu\kernel_sse2.cpp">
      <Filter>Source Files</Filter>
    </ClCompile>
    <ClCompile Include="D:\blenderDev\blender\intern\cycles\kernel\kernels\cpu\kernel_sse3.cpp">
      <Filter>Source Files</Filter>
    </ClCompile>
    <ClCompile Include="D:\blenderDev\blender\intern\cycles\kernel\kernels\cpu\kernel_sse41.cpp">
      <Filter>Source Files</Filter>
    </ClCompile>
    <ClCompile Include="D:\blenderDev\blender\intern\cycles\kernel\kernels\cpu\kernel_avx.cpp">
      <Filter>Source Files</Filter>
    </ClCompile>
    <ClCompile Include="D:\blenderDev\blender\intern\cycles\kernel\kernels\cpu\kernel_avx2.cpp">
      <Filter>Source Files</Filter>
    </ClCompile>
  </ItemGroup>
  <ItemGroup>
    <ClInclude Include="D:\blenderDev\blender\intern\cycles\kernel\kernel_accumulate.h">
      <Filter>Header Files</Filter>
    </ClInclude>
    <ClInclude Include="D:\blenderDev\blender\intern\cycles\kernel\kernel_bake.h">
      <Filter>Header Files</Filter>
    </ClInclude>
    <ClInclude Include="D:\blenderDev\blender\intern\cycles\kernel\kernel_camera.h">
      <Filter>Header Files</Filter>
    </ClInclude>
    <ClInclude Include="D:\blenderDev\blender\intern\cycles\kernel\kernel_compat_cpu.h">
      <Filter>Header Files</Filter>
    </ClInclude>
    <ClInclude Include="D:\blenderDev\blender\intern\cycles\kernel\kernel_compat_cuda.h">
      <Filter>Header Files</Filter>
    </ClInclude>
    <ClInclude Include="D:\blenderDev\blender\intern\cycles\kernel\kernel_compat_opencl.h">
      <Filter>Header Files</Filter>
    </ClInclude>
    <ClInclude Include="D:\blenderDev\blender\intern\cycles\kernel\kernel_debug.h">
      <Filter>Header Files</Filter>
    </ClInclude>
    <ClInclude Include="D:\blenderDev\blender\intern\cycles\kernel\kernel_differential.h">
      <Filter>Header Files</Filter>
    </ClInclude>
    <ClInclude Include="D:\blenderDev\blender\intern\cycles\kernel\kernel_emission.h">
      <Filter>Header Files</Filter>
    </ClInclude>
    <ClInclude Include="D:\blenderDev\blender\intern\cycles\kernel\kernel_film.h">
      <Filter>Header Files</Filter>
    </ClInclude>
    <ClInclude Include="D:\blenderDev\blender\intern\cycles\kernel\kernel_globals.h">
      <Filter>Header Files</Filter>
    </ClInclude>
    <ClInclude Include="D:\blenderDev\blender\intern\cycles\kernel\kernel_jitter.h">
      <Filter>Header Files</Filter>
    </ClInclude>
    <ClInclude Include="D:\blenderDev\blender\intern\cycles\kernel\kernel_light.h">
      <Filter>Header Files</Filter>
    </ClInclude>
    <ClInclude Include="D:\blenderDev\blender\intern\cycles\kernel\kernel_math.h">
      <Filter>Header Files</Filter>
    </ClInclude>
    <ClInclude Include="D:\blenderDev\blender\intern\cycles\kernel\kernel_montecarlo.h">
      <Filter>Header Files</Filter>
    </ClInclude>
    <ClInclude Include="D:\blenderDev\blender\intern\cycles\kernel\kernel_passes.h">
      <Filter>Header Files</Filter>
    </ClInclude>
    <ClInclude Include="D:\blenderDev\blender\intern\cycles\kernel\kernel_path.h">
      <Filter>Header Files</Filter>
    </ClInclude>
    <ClInclude Include="D:\blenderDev\blender\intern\cycles\kernel\kernel_path_branched.h">
      <Filter>Header Files</Filter>
    </ClInclude>
    <ClInclude Include="D:\blenderDev\blender\intern\cycles\kernel\kernel_path_common.h">
      <Filter>Header Files</Filter>
    </ClInclude>
    <ClInclude Include="D:\blenderDev\blender\intern\cycles\kernel\kernel_path_state.h">
      <Filter>Header Files</Filter>
    </ClInclude>
    <ClInclude Include="D:\blenderDev\blender\intern\cycles\kernel\kernel_path_surface.h">
      <Filter>Header Files</Filter>
    </ClInclude>
    <ClInclude Include="D:\blenderDev\blender\intern\cycles\kernel\kernel_path_volume.h">
      <Filter>Header Files</Filter>
    </ClInclude>
    <ClInclude Include="D:\blenderDev\blender\intern\cycles\kernel\kernel_projection.h">
      <Filter>Header Files</Filter>
    </ClInclude>
    <ClInclude Include="D:\blenderDev\blender\intern\cycles\kernel\kernel_queues.h">
      <Filter>Header Files</Filter>
    </ClInclude>
    <ClInclude Include="D:\blenderDev\blender\intern\cycles\kernel\kernel_random.h">
      <Filter>Header Files</Filter>
    </ClInclude>
    <ClInclude Include="D:\blenderDev\blender\intern\cycles\kernel\kernel_shader.h">
      <Filter>Header Files</Filter>
    </ClInclude>
    <ClInclude Include="D:\blenderDev\blender\intern\cycles\kernel\kernel_shadow.h">
      <Filter>Header Files</Filter>
    </ClInclude>
    <ClInclude Include="D:\blenderDev\blender\intern\cycles\kernel\kernel_subsurface.h">
      <Filter>Header Files</Filter>
    </ClInclude>
    <ClInclude Include="D:\blenderDev\blender\intern\cycles\kernel\kernel_textures.h">
      <Filter>Header Files</Filter>
    </ClInclude>
    <ClInclude Include="D:\blenderDev\blender\intern\cycles\kernel\kernel_types.h">
      <Filter>Header Files</Filter>
    </ClInclude>
    <ClInclude Include="D:\blenderDev\blender\intern\cycles\kernel\kernel_volume.h">
      <Filter>Header Files</Filter>
    </ClInclude>
    <ClInclude Include="D:\blenderDev\blender\intern\cycles\kernel\kernel_work_stealing.h">
      <Filter>Header Files</Filter>
    </ClInclude>
    <ClInclude Include="D:\blenderDev\blender\intern\cycles\kernel\kernel.h">
      <Filter>Header Files</Filter>
    </ClInclude>
    <ClInclude Include="D:\blenderDev\blender\intern\cycles\kernel\kernels\cpu\kernel_cpu.h">
      <Filter>Header Files</Filter>
    </ClInclude>
    <ClInclude Include="D:\blenderDev\blender\intern\cycles\kernel\kernels\cpu\kernel_cpu_impl.h">
      <Filter>Header Files</Filter>
    </ClInclude>
    <ClInclude Include="D:\blenderDev\blender\intern\cycles\kernel\closure\bsdf.h">
      <Filter>Header Files</Filter>
    </ClInclude>
    <ClInclude Include="D:\blenderDev\blender\intern\cycles\kernel\closure\bsdf_ashikhmin_velvet.h">
      <Filter>Header Files</Filter>
    </ClInclude>
    <ClInclude Include="D:\blenderDev\blender\intern\cycles\kernel\closure\bsdf_diffuse.h">
      <Filter>Header Files</Filter>
    </ClInclude>
    <ClInclude Include="D:\blenderDev\blender\intern\cycles\kernel\closure\bsdf_diffuse_ramp.h">
      <Filter>Header Files</Filter>
    </ClInclude>
    <ClInclude Include="D:\blenderDev\blender\intern\cycles\kernel\closure\bsdf_microfacet.h">
      <Filter>Header Files</Filter>
    </ClInclude>
    <ClInclude Include="D:\blenderDev\blender\intern\cycles\kernel\closure\bsdf_oren_nayar.h">
      <Filter>Header Files</Filter>
    </ClInclude>
    <ClInclude Include="D:\blenderDev\blender\intern\cycles\kernel\closure\bsdf_phong_ramp.h">
      <Filter>Header Files</Filter>
    </ClInclude>
    <ClInclude Include="D:\blenderDev\blender\intern\cycles\kernel\closure\bsdf_reflection.h">
      <Filter>Header Files</Filter>
    </ClInclude>
    <ClInclude Include="D:\blenderDev\blender\intern\cycles\kernel\closure\bsdf_refraction.h">
      <Filter>Header Files</Filter>
    </ClInclude>
    <ClInclude Include="D:\blenderDev\blender\intern\cycles\kernel\closure\bsdf_toon.h">
      <Filter>Header Files</Filter>
    </ClInclude>
    <ClInclude Include="D:\blenderDev\blender\intern\cycles\kernel\closure\bsdf_transparent.h">
      <Filter>Header Files</Filter>
    </ClInclude>
    <ClInclude Include="D:\blenderDev\blender\intern\cycles\kernel\closure\bsdf_util.h">
      <Filter>Header Files</Filter>
    </ClInclude>
    <ClInclude Include="D:\blenderDev\blender\intern\cycles\kernel\closure\bsdf_ashikhmin_shirley.h">
      <Filter>Header Files</Filter>
    </ClInclude>
    <ClInclude Include="D:\blenderDev\blender\intern\cycles\kernel\closure\bsdf_hair.h">
      <Filter>Header Files</Filter>
    </ClInclude>
    <ClInclude Include="D:\blenderDev\blender\intern\cycles\kernel\closure\bssrdf.h">
      <Filter>Header Files</Filter>
    </ClInclude>
    <ClInclude Include="D:\blenderDev\blender\intern\cycles\kernel\closure\emissive.h">
      <Filter>Header Files</Filter>
    </ClInclude>
    <ClInclude Include="D:\blenderDev\blender\intern\cycles\kernel\closure\volume.h">
      <Filter>Header Files</Filter>
    </ClInclude>
    <ClInclude Include="D:\blenderDev\blender\intern\cycles\kernel\svm\svm.h">
      <Filter>Header Files</Filter>
    </ClInclude>
    <ClInclude Include="D:\blenderDev\blender\intern\cycles\kernel\svm\svm_attribute.h">
      <Filter>Header Files</Filter>
    </ClInclude>
    <ClInclude Include="D:\blenderDev\blender\intern\cycles\kernel\svm\svm_blackbody.h">
      <Filter>Header Files</Filter>
    </ClInclude>
    <ClInclude Include="D:\blenderDev\blender\intern\cycles\kernel\svm\svm_camera.h">
      <Filter>Header Files</Filter>
    </ClInclude>
    <ClInclude Include="D:\blenderDev\blender\intern\cycles\kernel\svm\svm_closure.h">
      <Filter>Header Files</Filter>
    </ClInclude>
    <ClInclude Include="D:\blenderDev\blender\intern\cycles\kernel\svm\svm_convert.h">
      <Filter>Header Files</Filter>
    </ClInclude>
    <ClInclude Include="D:\blenderDev\blender\intern\cycles\kernel\svm\svm_checker.h">
      <Filter>Header Files</Filter>
    </ClInclude>
    <ClInclude Include="D:\blenderDev\blender\intern\cycles\kernel\svm\svm_brick.h">
      <Filter>Header Files</Filter>
    </ClInclude>
    <ClInclude Include="D:\blenderDev\blender\intern\cycles\kernel\svm\svm_displace.h">
      <Filter>Header Files</Filter>
    </ClInclude>
    <ClInclude Include="D:\blenderDev\blender\intern\cycles\kernel\svm\svm_fresnel.h">
      <Filter>Header Files</Filter>
    </ClInclude>
    <ClInclude Include="D:\blenderDev\blender\intern\cycles\kernel\svm\svm_wireframe.h">
      <Filter>Header Files</Filter>
    </ClInclude>
    <ClInclude Include="D:\blenderDev\blender\intern\cycles\kernel\svm\svm_wavelength.h">
      <Filter>Header Files</Filter>
    </ClInclude>
    <ClInclude Include="D:\blenderDev\blender\intern\cycles\kernel\svm\svm_gamma.h">
      <Filter>Header Files</Filter>
    </ClInclude>
    <ClInclude Include="D:\blenderDev\blender\intern\cycles\kernel\svm\svm_brightness.h">
      <Filter>Header Files</Filter>
    </ClInclude>
    <ClInclude Include="D:\blenderDev\blender\intern\cycles\kernel\svm\svm_geometry.h">
      <Filter>Header Files</Filter>
    </ClInclude>
    <ClInclude Include="D:\blenderDev\blender\intern\cycles\kernel\svm\svm_gradient.h">
      <Filter>Header Files</Filter>
    </ClInclude>
    <ClInclude Include="D:\blenderDev\blender\intern\cycles\kernel\svm\svm_hsv.h">
      <Filter>Header Files</Filter>
    </ClInclude>
    <ClInclude Include="D:\blenderDev\blender\intern\cycles\kernel\svm\svm_image.h">
      <Filter>Header Files</Filter>
    </ClInclude>
    <ClInclude Include="D:\blenderDev\blender\intern\cycles\kernel\svm\svm_invert.h">
      <Filter>Header Files</Filter>
    </ClInclude>
    <ClInclude Include="D:\blenderDev\blender\intern\cycles\kernel\svm\svm_light_path.h">
      <Filter>Header Files</Filter>
    </ClInclude>
    <ClInclude Include="D:\blenderDev\blender\intern\cycles\kernel\svm\svm_magic.h">
      <Filter>Header Files</Filter>
    </ClInclude>
    <ClInclude Include="D:\blenderDev\blender\intern\cycles\kernel\svm\svm_mapping.h">
      <Filter>Header Files</Filter>
    </ClInclude>
    <ClInclude Include="D:\blenderDev\blender\intern\cycles\kernel\svm\svm_math.h">
      <Filter>Header Files</Filter>
    </ClInclude>
    <ClInclude Include="D:\blenderDev\blender\intern\cycles\kernel\svm\svm_math_util.h">
      <Filter>Header Files</Filter>
    </ClInclude>
    <ClInclude Include="D:\blenderDev\blender\intern\cycles\kernel\svm\svm_mix.h">
      <Filter>Header Files</Filter>
    </ClInclude>
    <ClInclude Include="D:\blenderDev\blender\intern\cycles\kernel\svm\svm_musgrave.h">
      <Filter>Header Files</Filter>
    </ClInclude>
    <ClInclude Include="D:\blenderDev\blender\intern\cycles\kernel\svm\svm_noise.h">
      <Filter>Header Files</Filter>
    </ClInclude>
    <ClInclude Include="D:\blenderDev\blender\intern\cycles\kernel\svm\svm_noisetex.h">
      <Filter>Header Files</Filter>
    </ClInclude>
    <ClInclude Include="D:\blenderDev\blender\intern\cycles\kernel\svm\svm_normal.h">
      <Filter>Header Files</Filter>
    </ClInclude>
    <ClInclude Include="D:\blenderDev\blender\intern\cycles\kernel\svm\svm_ramp.h">
      <Filter>Header Files</Filter>
    </ClInclude>
    <ClInclude Include="D:\blenderDev\blender\intern\cycles\kernel\svm\svm_sepcomb_hsv.h">
      <Filter>Header Files</Filter>
    </ClInclude>
    <ClInclude Include="D:\blenderDev\blender\intern\cycles\kernel\svm\svm_sepcomb_vector.h">
      <Filter>Header Files</Filter>
    </ClInclude>
    <ClInclude Include="D:\blenderDev\blender\intern\cycles\kernel\svm\svm_sky.h">
      <Filter>Header Files</Filter>
    </ClInclude>
    <ClInclude Include="D:\blenderDev\blender\intern\cycles\kernel\svm\svm_tex_coord.h">
      <Filter>Header Files</Filter>
    </ClInclude>
    <ClInclude Include="D:\blenderDev\blender\intern\cycles\kernel\svm\svm_texture.h">
      <Filter>Header Files</Filter>
    </ClInclude>
    <ClInclude Include="D:\blenderDev\blender\intern\cycles\kernel\svm\svm_types.h">
      <Filter>Header Files</Filter>
    </ClInclude>
    <ClInclude Include="D:\blenderDev\blender\intern\cycles\kernel\svm\svm_value.h">
      <Filter>Header Files</Filter>
    </ClInclude>
    <ClInclude Include="D:\blenderDev\blender\intern\cycles\kernel\svm\svm_vector_transform.h">
      <Filter>Header Files</Filter>
    </ClInclude>
    <ClInclude Include="D:\blenderDev\blender\intern\cycles\kernel\svm\svm_voronoi.h">
      <Filter>Header Files</Filter>
    </ClInclude>
    <ClInclude Include="D:\blenderDev\blender\intern\cycles\kernel\svm\svm_voxel.h">
      <Filter>Header Files</Filter>
    </ClInclude>
    <ClInclude Include="D:\blenderDev\blender\intern\cycles\kernel\svm\svm_wave.h">
      <Filter>Header Files</Filter>
    </ClInclude>
    <ClInclude Include="D:\blenderDev\blender\intern\cycles\kernel\geom\geom.h">
      <Filter>Header Files</Filter>
    </ClInclude>
    <ClInclude Include="D:\blenderDev\blender\intern\cycles\kernel\geom\geom_attribute.h">
      <Filter>Header Files</Filter>
    </ClInclude>
    <ClInclude Include="D:\blenderDev\blender\intern\cycles\kernel\geom\geom_bvh.h">
      <Filter>Header Files</Filter>
    </ClInclude>
    <ClInclude Include="D:\blenderDev\blender\intern\cycles\kernel\geom\geom_bvh_shadow.h">
      <Filter>Header Files</Filter>
    </ClInclude>
    <ClInclude Include="D:\blenderDev\blender\intern\cycles\kernel\geom\geom_bvh_subsurface.h">
      <Filter>Header Files</Filter>
    </ClInclude>
    <ClInclude Include="D:\blenderDev\blender\intern\cycles\kernel\geom\geom_bvh_traversal.h">
      <Filter>Header Files</Filter>
    </ClInclude>
    <ClInclude Include="D:\blenderDev\blender\intern\cycles\kernel\geom\geom_bvh_volume.h">
      <Filter>Header Files</Filter>
    </ClInclude>
    <ClInclude Include="D:\blenderDev\blender\intern\cycles\kernel\geom\geom_bvh_volume_all.h">
      <Filter>Header Files</Filter>
    </ClInclude>
    <ClInclude Include="D:\blenderDev\blender\intern\cycles\kernel\geom\geom_curve.h">
      <Filter>Header Files</Filter>
    </ClInclude>
    <ClInclude Include="D:\blenderDev\blender\intern\cycles\kernel\geom\geom_motion_curve.h">
      <Filter>Header Files</Filter>
    </ClInclude>
    <ClInclude Include="D:\blenderDev\blender\intern\cycles\kernel\geom\geom_motion_triangle.h">
      <Filter>Header Files</Filter>
    </ClInclude>
    <ClInclude Include="D:\blenderDev\blender\intern\cycles\kernel\geom\geom_object.h">
      <Filter>Header Files</Filter>
    </ClInclude>
    <ClInclude Include="D:\blenderDev\blender\intern\cycles\kernel\geom\geom_primitive.h">
      <Filter>Header Files</Filter>
    </ClInclude>
    <ClInclude Include="D:\blenderDev\blender\intern\cycles\kernel\geom\geom_qbvh.h">
      <Filter>Header Files</Filter>
    </ClInclude>
    <ClInclude Include="D:\blenderDev\blender\intern\cycles\kernel\geom\geom_qbvh_shadow.h">
      <Filter>Header Files</Filter>
    </ClInclude>
    <ClInclude Include="D:\blenderDev\blender\intern\cycles\kernel\geom\geom_qbvh_subsurface.h">
      <Filter>Header Files</Filter>
    </ClInclude>
    <ClInclude Include="D:\blenderDev\blender\intern\cycles\kernel\geom\geom_qbvh_traversal.h">
      <Filter>Header Files</Filter>
    </ClInclude>
    <ClInclude Include="D:\blenderDev\blender\intern\cycles\kernel\geom\geom_qbvh_volume.h">
      <Filter>Header Files</Filter>
    </ClInclude>
    <ClInclude Include="D:\blenderDev\blender\intern\cycles\kernel\geom\geom_qbvh_volume_all.h">
      <Filter>Header Files</Filter>
    </ClInclude>
    <ClInclude Include="D:\blenderDev\blender\intern\cycles\kernel\geom\geom_triangle.h">
      <Filter>Header Files</Filter>
    </ClInclude>
    <ClInclude Include="D:\blenderDev\blender\intern\cycles\kernel\geom\geom_triangle_intersect.h">
      <Filter>Header Files</Filter>
    </ClInclude>
    <ClInclude Include="D:\blenderDev\blender\intern\cycles\kernel\geom\geom_volume.h">
      <Filter>Header Files</Filter>
    </ClInclude>
    <ClInclude Include="D:\blenderDev\blender\intern\cycles\kernel\split\kernel_background_buffer_update.h">
      <Filter>Header Files</Filter>
    </ClInclude>
    <ClInclude Include="D:\blenderDev\blender\intern\cycles\kernel\split\kernel_data_init.h">
      <Filter>Header Files</Filter>
    </ClInclude>
    <ClInclude Include="D:\blenderDev\blender\intern\cycles\kernel\split\kernel_direct_lighting.h">
      <Filter>Header Files</Filter>
    </ClInclude>
    <ClInclude Include="D:\blenderDev\blender\intern\cycles\kernel\split\kernel_holdout_emission_blurring_pathtermination_ao.h">
      <Filter>Header Files</Filter>
    </ClInclude>
    <ClInclude Include="D:\blenderDev\blender\intern\cycles\kernel\split\kernel_lamp_emission.h">
      <Filter>Header Files</Filter>
    </ClInclude>
    <ClInclude Include="D:\blenderDev\blender\intern\cycles\kernel\split\kernel_next_iteration_setup.h">
      <Filter>Header Files</Filter>
    </ClInclude>
    <ClInclude Include="D:\blenderDev\blender\intern\cycles\kernel\split\kernel_scene_intersect.h">
      <Filter>Header Files</Filter>
    </ClInclude>
    <ClInclude Include="D:\blenderDev\blender\intern\cycles\kernel\split\kernel_shader_eval.h">
      <Filter>Header Files</Filter>
    </ClInclude>
    <ClInclude Include="D:\blenderDev\blender\intern\cycles\kernel\split\kernel_shadow_blocked.h">
      <Filter>Header Files</Filter>
    </ClInclude>
    <ClInclude Include="D:\blenderDev\blender\intern\cycles\kernel\split\kernel_split_common.h">
      <Filter>Header Files</Filter>
    </ClInclude>
    <ClInclude Include="D:\blenderDev\blender\intern\cycles\kernel\split\kernel_sum_all_radiance.h">
      <Filter>Header Files</Filter>
    </ClInclude>
  </ItemGroup>
  <ItemGroup>
    <CustomBuild Include="D:\blenderDev\blender\intern\cycles\kernel\CMakeLists.txt" />
  </ItemGroup>
  <ItemGroup>
    <None Include="D:\blenderDev\blender\intern\cycles\kernel\kernels\opencl\kernel.cl" />
    <None Include="D:\blenderDev\blender\intern\cycles\kernel\kernels\opencl\kernel_data_init.cl" />
    <None Include="D:\blenderDev\blender\intern\cycles\kernel\kernels\opencl\kernel_queue_enqueue.cl" />
    <None Include="D:\blenderDev\blender\intern\cycles\kernel\kernels\opencl\kernel_scene_intersect.cl" />
    <None Include="D:\blenderDev\blender\intern\cycles\kernel\kernels\opencl\kernel_lamp_emission.cl" />
    <None Include="D:\blenderDev\blender\intern\cycles\kernel\kernels\opencl\kernel_background_buffer_update.cl" />
    <None Include="D:\blenderDev\blender\intern\cycles\kernel\kernels\opencl\kernel_shader_eval.cl" />
    <None Include="D:\blenderDev\blender\intern\cycles\kernel\kernels\opencl\kernel_holdout_emission_blurring_pathtermination_ao.cl" />
    <None Include="D:\blenderDev\blender\intern\cycles\kernel\kernels\opencl\kernel_direct_lighting.cl" />
    <None Include="D:\blenderDev\blender\intern\cycles\kernel\kernels\opencl\kernel_shadow_blocked.cl" />
    <None Include="D:\blenderDev\blender\intern\cycles\kernel\kernels\opencl\kernel_next_iteration_setup.cl" />
    <None Include="D:\blenderDev\blender\intern\cycles\kernel\kernels\opencl\kernel_sum_all_radiance.cl" />
    <None Include="D:\blenderDev\blender\intern\cycles\kernel\kernels\cuda\kernel.cu" />
  </ItemGroup>
  <ItemGroup>
    <Filter Include="Source Files">
      <UniqueIdentifier>{47BA5CD3-DCDE-4B65-B9E6-DD67DE9A50DE}</UniqueIdentifier>
    </Filter>
    <Filter Include="Header Files">
      <UniqueIdentifier>{2DF88026-B793-4931-819F-9C4E565EB817}</UniqueIdentifier>
    </Filter>
  </ItemGroup>
</Project>
