<?xml version="1.0" encoding="utf-8"?>
<Project ToolsVersion="12.0" xmlns="http://schemas.microsoft.com/developer/msbuild/2003">
  <ItemGroup>
    <ClCompile Include="D:\blenderDev\blender\source\blender\gpu\intern\gpu_basic_shader.c">
      <Filter>Source Files</Filter>
    </ClCompile>
    <ClCompile Include="D:\blenderDev\blender\source\blender\gpu\intern\gpu_buffers.c">
      <Filter>Source Files</Filter>
    </ClCompile>
    <ClCompile Include="D:\blenderDev\blender\source\blender\gpu\intern\gpu_codegen.c">
      <Filter>Source Files</Filter>
    </ClCompile>
    <ClCompile Include="D:\blenderDev\blender\source\blender\gpu\intern\gpu_compositing.c">
      <Filter>Source Files</Filter>
    </ClCompile>
    <ClCompile Include="D:\blenderDev\blender\source\blender\gpu\intern\gpu_debug.c">
      <Filter>Source Files</Filter>
    </ClCompile>
    <ClCompile Include="D:\blenderDev\blender\source\blender\gpu\intern\gpu_draw.c">
      <Filter>Source Files</Filter>
    </ClCompile>
    <ClCompile Include="D:\blenderDev\blender\source\blender\gpu\intern\gpu_extensions.c">
      <Filter>Source Files</Filter>
    </ClCompile>
    <ClCompile Include="D:\blenderDev\blender\source\blender\gpu\intern\gpu_framebuffer.c">
      <Filter>Source Files</Filter>
    </ClCompile>
    <ClCompile Include="D:\blenderDev\blender\source\blender\gpu\intern\gpu_init_exit.c">
      <Filter>Source Files</Filter>
    </ClCompile>
    <ClCompile Include="D:\blenderDev\blender\source\blender\gpu\intern\gpu_material.c">
      <Filter>Source Files</Filter>
    </ClCompile>
    <ClCompile Include="D:\blenderDev\blender\source\blender\gpu\intern\gpu_select.c">
      <Filter>Source Files</Filter>
    </ClCompile>
    <ClCompile Include="D:\blenderDev\blender\source\blender\gpu\intern\gpu_shader.c">
      <Filter>Source Files</Filter>
    </ClCompile>
    <ClCompile Include="D:\blenderDev\blender\source\blender\gpu\intern\gpu_texture.c">
      <Filter>Source Files</Filter>
    </ClCompile>
    <ClCompile Include="shaders\gpu_shader_geometry.glsl.c">
      <Filter>Source Files</Filter>
    </ClCompile>
    <ClCompile Include="shaders\gpu_shader_smoke_frag.glsl.c">
      <Filter>Source Files</Filter>
    </ClCompile>
    <ClCompile Include="shaders\gpu_shader_smoke_vert.glsl.c">
      <Filter>Source Files</Filter>
    </ClCompile>
    <ClCompile Include="shaders\gpu_shader_material.glsl.c">
      <Filter>Source Files</Filter>
    </ClCompile>
    <ClCompile Include="shaders\gpu_shader_sep_gaussian_blur_frag.glsl.c">
      <Filter>Source Files</Filter>
    </ClCompile>
    <ClCompile Include="shaders\gpu_shader_sep_gaussian_blur_vert.glsl.c">
      <Filter>Source Files</Filter>
    </ClCompile>
    <ClCompile Include="shaders\gpu_shader_basic_frag.glsl.c">
      <Filter>Source Files</Filter>
    </ClCompile>
    <ClCompile Include="shaders\gpu_shader_basic_vert.glsl.c">
      <Filter>Source Files</Filter>
    </ClCompile>
    <ClCompile Include="shaders\gpu_shader_vertex.glsl.c">
      <Filter>Source Files</Filter>
    </ClCompile>
    <ClCompile Include="shaders\gpu_shader_vertex_world.glsl.c">
      <Filter>Source Files</Filter>
    </ClCompile>
    <ClCompile Include="shaders\gpu_shader_vsm_store_frag.glsl.c">
      <Filter>Source Files</Filter>
    </ClCompile>
    <ClCompile Include="shaders\gpu_shader_vsm_store_vert.glsl.c">
      <Filter>Source Files</Filter>
    </ClCompile>
    <ClCompile Include="shaders\gpu_shader_fx_vert.glsl.c">
      <Filter>Source Files</Filter>
    </ClCompile>
    <ClCompile Include="shaders\gpu_shader_fx_ssao_frag.glsl.c">
      <Filter>Source Files</Filter>
    </ClCompile>
    <ClCompile Include="shaders\gpu_shader_fx_dof_frag.glsl.c">
      <Filter>Source Files</Filter>
    </ClCompile>
    <ClCompile Include="shaders\gpu_shader_fx_dof_vert.glsl.c">
      <Filter>Source Files</Filter>
    </ClCompile>
    <ClCompile Include="shaders\gpu_shader_fx_dof_hq_frag.glsl.c">
      <Filter>Source Files</Filter>
    </ClCompile>
    <ClCompile Include="shaders\gpu_shader_fx_dof_hq_vert.glsl.c">
      <Filter>Source Files</Filter>
    </ClCompile>
    <ClCompile Include="shaders\gpu_shader_fx_dof_hq_geo.glsl.c">
      <Filter>Source Files</Filter>
    </ClCompile>
    <ClCompile Include="shaders\gpu_shader_fx_depth_resolve.glsl.c">
      <Filter>Source Files</Filter>
    </ClCompile>
    <ClCompile Include="shaders\gpu_shader_fx_lib.glsl.c">
      <Filter>Source Files</Filter>
    </ClCompile>
  </ItemGroup>
  <ItemGroup>
    <ClInclude Include="D:\blenderDev\blender\source\blender\gpu\GPU_basic_shader.h">
      <Filter>Header Files</Filter>
    </ClInclude>
    <ClInclude Include="D:\blenderDev\blender\source\blender\gpu\GPU_buffers.h">
      <Filter>Header Files</Filter>
    </ClInclude>
    <ClInclude Include="D:\blenderDev\blender\source\blender\gpu\GPU_compositing.h">
      <Filter>Header Files</Filter>
    </ClInclude>
    <ClInclude Include="D:\blenderDev\blender\source\blender\gpu\GPU_debug.h">
      <Filter>Header Files</Filter>
    </ClInclude>
    <ClInclude Include="D:\blenderDev\blender\source\blender\gpu\GPU_draw.h">
      <Filter>Header Files</Filter>
    </ClInclude>
    <ClInclude Include="D:\blenderDev\blender\source\blender\gpu\GPU_extensions.h">
      <Filter>Header Files</Filter>
    </ClInclude>
    <ClInclude Include="D:\blenderDev\blender\source\blender\gpu\GPU_framebuffer.h">
      <Filter>Header Files</Filter>
    </ClInclude>
    <ClInclude Include="D:\blenderDev\blender\source\blender\gpu\GPU_glew.h">
      <Filter>Header Files</Filter>
    </ClInclude>
    <ClInclude Include="D:\blenderDev\blender\source\blender\gpu\GPU_init_exit.h">
      <Filter>Header Files</Filter>
    </ClInclude>
    <ClInclude Include="D:\blenderDev\blender\source\blender\gpu\GPU_material.h">
      <Filter>Header Files</Filter>
    </ClInclude>
    <ClInclude Include="D:\blenderDev\blender\source\blender\gpu\GPU_select.h">
      <Filter>Header Files</Filter>
    </ClInclude>
    <ClInclude Include="D:\blenderDev\blender\source\blender\gpu\GPU_shader.h">
      <Filter>Header Files</Filter>
    </ClInclude>
    <ClInclude Include="D:\blenderDev\blender\source\blender\gpu\GPU_texture.h">
      <Filter>Header Files</Filter>
    </ClInclude>
    <ClInclude Include="D:\blenderDev\blender\source\blender\gpu\intern\gpu_codegen.h">
      <Filter>Header Files</Filter>
    </ClInclude>
    <ClInclude Include="D:\blenderDev\blender\source\blender\gpu\intern\gpu_private.h">
      <Filter>Header Files</Filter>
    </ClInclude>
  </ItemGroup>
  <ItemGroup>
    <CustomBuild Include="D:\blenderDev\blender\source\blender\gpu\CMakeLists.txt">
      <Filter>Source Files</Filter>
    </CustomBuild>
    <CustomBuild Include="..\..\..\CMakeFiles\c2ff7df5b8913bb0bc3d747b3197da12\gpu_shader_geometry.glsl.c.rule">
      <Filter>CMake Rules</Filter>
    </CustomBuild>
    <CustomBuild Include="..\..\..\CMakeFiles\c2ff7df5b8913bb0bc3d747b3197da12\gpu_shader_smoke_frag.glsl.c.rule">
      <Filter>CMake Rules</Filter>
    </CustomBuild>
    <CustomBuild Include="..\..\..\CMakeFiles\c2ff7df5b8913bb0bc3d747b3197da12\gpu_shader_smoke_vert.glsl.c.rule">
      <Filter>CMake Rules</Filter>
    </CustomBuild>
    <CustomBuild Include="..\..\..\CMakeFiles\c2ff7df5b8913bb0bc3d747b3197da12\gpu_shader_material.glsl.c.rule">
      <Filter>CMake Rules</Filter>
    </CustomBuild>
    <CustomBuild Include="..\..\..\CMakeFiles\c2ff7df5b8913bb0bc3d747b3197da12\gpu_shader_sep_gaussian_blur_frag.glsl.c.rule">
      <Filter>CMake Rules</Filter>
    </CustomBuild>
    <CustomBuild Include="..\..\..\CMakeFiles\c2ff7df5b8913bb0bc3d747b3197da12\gpu_shader_sep_gaussian_blur_vert.glsl.c.rule">
      <Filter>CMake Rules</Filter>
    </CustomBuild>
    <CustomBuild Include="..\..\..\CMakeFiles\c2ff7df5b8913bb0bc3d747b3197da12\gpu_shader_basic_frag.glsl.c.rule">
      <Filter>CMake Rules</Filter>
    </CustomBuild>
    <CustomBuild Include="..\..\..\CMakeFiles\c2ff7df5b8913bb0bc3d747b3197da12\gpu_shader_basic_vert.glsl.c.rule">
      <Filter>CMake Rules</Filter>
    </CustomBuild>
    <CustomBuild Include="..\..\..\CMakeFiles\c2ff7df5b8913bb0bc3d747b3197da12\gpu_shader_vertex.glsl.c.rule">
      <Filter>CMake Rules</Filter>
    </CustomBuild>
    <CustomBuild Include="..\..\..\CMakeFiles\c2ff7df5b8913bb0bc3d747b3197da12\gpu_shader_vertex_world.glsl.c.rule">
      <Filter>CMake Rules</Filter>
    </CustomBuild>
    <CustomBuild Include="..\..\..\CMakeFiles\c2ff7df5b8913bb0bc3d747b3197da12\gpu_shader_vsm_store_frag.glsl.c.rule">
      <Filter>CMake Rules</Filter>
    </CustomBuild>
    <CustomBuild Include="..\..\..\CMakeFiles\c2ff7df5b8913bb0bc3d747b3197da12\gpu_shader_vsm_store_vert.glsl.c.rule">
      <Filter>CMake Rules</Filter>
    </CustomBuild>
    <CustomBuild Include="..\..\..\CMakeFiles\c2ff7df5b8913bb0bc3d747b3197da12\gpu_shader_fx_vert.glsl.c.rule">
      <Filter>CMake Rules</Filter>
    </CustomBuild>
    <CustomBuild Include="..\..\..\CMakeFiles\c2ff7df5b8913bb0bc3d747b3197da12\gpu_shader_fx_ssao_frag.glsl.c.rule">
      <Filter>CMake Rules</Filter>
    </CustomBuild>
    <CustomBuild Include="..\..\..\CMakeFiles\c2ff7df5b8913bb0bc3d747b3197da12\gpu_shader_fx_dof_frag.glsl.c.rule">
      <Filter>CMake Rules</Filter>
    </CustomBuild>
    <CustomBuild Include="..\..\..\CMakeFiles\c2ff7df5b8913bb0bc3d747b3197da12\gpu_shader_fx_dof_vert.glsl.c.rule">
      <Filter>CMake Rules</Filter>
    </CustomBuild>
    <CustomBuild Include="..\..\..\CMakeFiles\c2ff7df5b8913bb0bc3d747b3197da12\gpu_shader_fx_dof_hq_frag.glsl.c.rule">
      <Filter>CMake Rules</Filter>
    </CustomBuild>
    <CustomBuild Include="..\..\..\CMakeFiles\c2ff7df5b8913bb0bc3d747b3197da12\gpu_shader_fx_dof_hq_vert.glsl.c.rule">
      <Filter>CMake Rules</Filter>
    </CustomBuild>
    <CustomBuild Include="..\..\..\CMakeFiles\c2ff7df5b8913bb0bc3d747b3197da12\gpu_shader_fx_dof_hq_geo.glsl.c.rule">
      <Filter>CMake Rules</Filter>
    </CustomBuild>
    <CustomBuild Include="..\..\..\CMakeFiles\c2ff7df5b8913bb0bc3d747b3197da12\gpu_shader_fx_depth_resolve.glsl.c.rule">
      <Filter>CMake Rules</Filter>
    </CustomBuild>
    <CustomBuild Include="..\..\..\CMakeFiles\c2ff7df5b8913bb0bc3d747b3197da12\gpu_shader_fx_lib.glsl.c.rule">
      <Filter>CMake Rules</Filter>
    </CustomBuild>
  </ItemGroup>
  <ItemGroup>
    <None Include="D:\blenderDev\blender\source\blender\gpu\shaders\gpu_shader_fx_lib.glsl">
      <Filter>Source Files</Filter>
    </None>
    <None Include="D:\blenderDev\blender\source\blender\gpu\shaders\gpu_shader_fx_ssao_frag.glsl">
      <Filter>Source Files</Filter>
    </None>
    <None Include="D:\blenderDev\blender\source\blender\gpu\shaders\gpu_shader_fx_dof_frag.glsl">
      <Filter>Source Files</Filter>
    </None>
    <None Include="D:\blenderDev\blender\source\blender\gpu\shaders\gpu_shader_fx_dof_vert.glsl">
      <Filter>Source Files</Filter>
    </None>
    <None Include="D:\blenderDev\blender\source\blender\gpu\shaders\gpu_shader_fx_dof_hq_frag.glsl">
      <Filter>Source Files</Filter>
    </None>
    <None Include="D:\blenderDev\blender\source\blender\gpu\shaders\gpu_shader_fx_dof_hq_vert.glsl">
      <Filter>Source Files</Filter>
    </None>
    <None Include="D:\blenderDev\blender\source\blender\gpu\shaders\gpu_shader_fx_dof_hq_geo.glsl">
      <Filter>Source Files</Filter>
    </None>
    <None Include="D:\blenderDev\blender\source\blender\gpu\shaders\gpu_shader_fx_vert.glsl">
      <Filter>Source Files</Filter>
    </None>
    <None Include="D:\blenderDev\blender\source\blender\gpu\shaders\gpu_shader_material.glsl">
      <Filter>Source Files</Filter>
    </None>
    <None Include="D:\blenderDev\blender\source\blender\gpu\shaders\gpu_shader_sep_gaussian_blur_frag.glsl">
      <Filter>Source Files</Filter>
    </None>
    <None Include="D:\blenderDev\blender\source\blender\gpu\shaders\gpu_shader_sep_gaussian_blur_vert.glsl">
      <Filter>Source Files</Filter>
    </None>
    <None Include="D:\blenderDev\blender\source\blender\gpu\shaders\gpu_shader_basic_frag.glsl">
      <Filter>Source Files</Filter>
    </None>
    <None Include="D:\blenderDev\blender\source\blender\gpu\shaders\gpu_shader_basic_vert.glsl">
      <Filter>Source Files</Filter>
    </None>
    <None Include="D:\blenderDev\blender\source\blender\gpu\shaders\gpu_shader_vertex.glsl">
      <Filter>Source Files</Filter>
    </None>
    <None Include="D:\blenderDev\blender\source\blender\gpu\shaders\gpu_shader_vsm_store_frag.glsl">
      <Filter>Source Files</Filter>
    </None>
    <None Include="D:\blenderDev\blender\source\blender\gpu\shaders\gpu_shader_vsm_store_vert.glsl">
      <Filter>Source Files</Filter>
    </None>
    <None Include="D:\blenderDev\blender\source\blender\gpu\shaders\gpu_shader_fx_depth_resolve.glsl">
      <Filter>Source Files</Filter>
    </None>
    <None Include="D:\blenderDev\blender\source\blender\gpu\shaders\gpu_shader_smoke_frag.glsl">
      <Filter>Source Files</Filter>
    </None>
    <None Include="D:\blenderDev\blender\source\blender\gpu\shaders\gpu_shader_smoke_vert.glsl">
      <Filter>Source Files</Filter>
    </None>
  </ItemGroup>
  <ItemGroup>
    <Filter Include="Source Files">
      <UniqueIdentifier>{47BA5CD3-DCDE-4B65-B9E6-DD67DE9A50DE}</UniqueIdentifier>
    </Filter>
    <Filter Include="Header Files">
      <UniqueIdentifier>{2DF88026-B793-4931-819F-9C4E565EB817}</UniqueIdentifier>
    </Filter>
    <Filter Include="CMake Rules">
      <UniqueIdentifier>{3A18D33A-727F-462F-97E0-6F4F89D3B75E}</UniqueIdentifier>
    </Filter>
  </ItemGroup>
</Project>
